// !$*UTF8*$!
{
	archiveVersion = 1;
	classes = {
	};
	objectVersion = 50;
	objects = {

/* Begin PBXBuildFile section */
		009C31EB25B32A2400C0B76D /* TMDbComponents.h in Headers */ = {isa = PBXBuildFile; fileRef = 009C31E925B32A2400C0B76D /* TMDbComponents.h */; settings = {ATTRIBUTES = (Public, ); }; };
		009C31F425B32A5B00C0B76D /* BaseLabelComponent.swift in Sources */ = {isa = PBXBuildFile; fileRef = 009C31F325B32A5B00C0B76D /* BaseLabelComponent.swift */; };
		009C31F725B32A6300C0B76D /* BaseImageViewComponent.swift in Sources */ = {isa = PBXBuildFile; fileRef = 009C31F625B32A6300C0B76D /* BaseImageViewComponent.swift */; };
		00AF81FF25B5ED5500C913A7 /* TMDbUtilities.framework in Frameworks */ = {isa = PBXBuildFile; fileRef = 00AF81FE25B5ED5500C913A7 /* TMDbUtilities.framework */; };
		00AF820025B5ED5500C913A7 /* TMDbUtilities.framework in Embed Frameworks */ = {isa = PBXBuildFile; fileRef = 00AF81FE25B5ED5500C913A7 /* TMDbUtilities.framework */; settings = {ATTRIBUTES = (CodeSignOnCopy, RemoveHeadersOnCopy, ); }; };
		BC019C4F592F6DD6B46DB401 /* Pods_TMDbComponents.framework in Frameworks */ = {isa = PBXBuildFile; fileRef = 4BD4C19BF45D853C53646A34 /* Pods_TMDbComponents.framework */; };
/* End PBXBuildFile section */

/* Begin PBXCopyFilesBuildPhase section */
		009C322725B32DE900C0B76D /* Embed Frameworks */ = {
			isa = PBXCopyFilesBuildPhase;
			buildActionMask = 2147483647;
			dstPath = "";
			dstSubfolderSpec = 10;
			files = (
				00AF820025B5ED5500C913A7 /* TMDbUtilities.framework in Embed Frameworks */,
			);
			name = "Embed Frameworks";
			runOnlyForDeploymentPostprocessing = 0;
		};
/* End PBXCopyFilesBuildPhase section */

/* Begin PBXFileReference section */
		009C31E625B32A2400C0B76D /* TMDbComponents.framework */ = {isa = PBXFileReference; explicitFileType = wrapper.framework; includeInIndex = 0; path = TMDbComponents.framework; sourceTree = BUILT_PRODUCTS_DIR; };
		009C31E925B32A2400C0B76D /* TMDbComponents.h */ = {isa = PBXFileReference; lastKnownFileType = sourcecode.c.h; path = TMDbComponents.h; sourceTree = "<group>"; };
		009C31EA25B32A2400C0B76D /* Info.plist */ = {isa = PBXFileReference; lastKnownFileType = text.plist.xml; path = Info.plist; sourceTree = "<group>"; };
		009C31F325B32A5B00C0B76D /* BaseLabelComponent.swift */ = {isa = PBXFileReference; lastKnownFileType = sourcecode.swift; path = BaseLabelComponent.swift; sourceTree = "<group>"; };
		009C31F625B32A6300C0B76D /* BaseImageViewComponent.swift */ = {isa = PBXFileReference; lastKnownFileType = sourcecode.swift; path = BaseImageViewComponent.swift; sourceTree = "<group>"; };
		00AF81FE25B5ED5500C913A7 /* TMDbUtilities.framework */ = {isa = PBXFileReference; explicitFileType = wrapper.framework; path = TMDbUtilities.framework; sourceTree = BUILT_PRODUCTS_DIR; };
		4BD4C19BF45D853C53646A34 /* Pods_TMDbComponents.framework */ = {isa = PBXFileReference; explicitFileType = wrapper.framework; includeInIndex = 0; path = Pods_TMDbComponents.framework; sourceTree = BUILT_PRODUCTS_DIR; };
		8C9BBE90B2ED5C39AD9B1433 /* Pods-TMDbComponents.debug.xcconfig */ = {isa = PBXFileReference; includeInIndex = 1; lastKnownFileType = text.xcconfig; name = "Pods-TMDbComponents.debug.xcconfig"; path = "Target Support Files/Pods-TMDbComponents/Pods-TMDbComponents.debug.xcconfig"; sourceTree = "<group>"; };
		D482F7EEC6DF8518EBC0EE48 /* Pods-TMDbComponents.release.xcconfig */ = {isa = PBXFileReference; includeInIndex = 1; lastKnownFileType = text.xcconfig; name = "Pods-TMDbComponents.release.xcconfig"; path = "Target Support Files/Pods-TMDbComponents/Pods-TMDbComponents.release.xcconfig"; sourceTree = "<group>"; };
/* End PBXFileReference section */

/* Begin PBXFrameworksBuildPhase section */
		009C31E325B32A2400C0B76D /* Frameworks */ = {
			isa = PBXFrameworksBuildPhase;
			buildActionMask = 2147483647;
			files = (
				00AF81FF25B5ED5500C913A7 /* TMDbUtilities.framework in Frameworks */,
				BC019C4F592F6DD6B46DB401 /* Pods_TMDbComponents.framework in Frameworks */,
			);
			runOnlyForDeploymentPostprocessing = 0;
		};
/* End PBXFrameworksBuildPhase section */

/* Begin PBXGroup section */
		009C31DC25B32A2400C0B76D = {
			isa = PBXGroup;
			children = (
				009C31E825B32A2400C0B76D /* TMDbComponents */,
				009C31E725B32A2400C0B76D /* Products */,
				009C31FA25B32AC100C0B76D /* Frameworks */,
				51603FBE05F019AE45F2DB6D /* Pods */,
			);
			sourceTree = "<group>";
		};
		009C31E725B32A2400C0B76D /* Products */ = {
			isa = PBXGroup;
			children = (
				009C31E625B32A2400C0B76D /* TMDbComponents.framework */,
			);
			name = Products;
			sourceTree = "<group>";
		};
		009C31E825B32A2400C0B76D /* TMDbComponents */ = {
			isa = PBXGroup;
			children = (
				009C31F225B32A4C00C0B76D /* BaseViewComponents */,
				009C31E925B32A2400C0B76D /* TMDbComponents.h */,
				009C31EA25B32A2400C0B76D /* Info.plist */,
			);
			path = TMDbComponents;
			sourceTree = "<group>";
		};
		009C31F225B32A4C00C0B76D /* BaseViewComponents */ = {
			isa = PBXGroup;
			children = (
				009C31F325B32A5B00C0B76D /* BaseLabelComponent.swift */,
				009C31F625B32A6300C0B76D /* BaseImageViewComponent.swift */,
			);
			path = BaseViewComponents;
			sourceTree = "<group>";
		};
		009C31FA25B32AC100C0B76D /* Frameworks */ = {
			isa = PBXGroup;
			children = (
				00AF81FE25B5ED5500C913A7 /* TMDbUtilities.framework */,
				4BD4C19BF45D853C53646A34 /* Pods_TMDbComponents.framework */,
			);
			name = Frameworks;
			sourceTree = "<group>";
		};
		51603FBE05F019AE45F2DB6D /* Pods */ = {
			isa = PBXGroup;
			children = (
				8C9BBE90B2ED5C39AD9B1433 /* Pods-TMDbComponents.debug.xcconfig */,
				D482F7EEC6DF8518EBC0EE48 /* Pods-TMDbComponents.release.xcconfig */,
			);
			name = Pods;
			path = ../Pods;
			sourceTree = "<group>";
		};
/* End PBXGroup section */

/* Begin PBXHeadersBuildPhase section */
		009C31E125B32A2400C0B76D /* Headers */ = {
			isa = PBXHeadersBuildPhase;
			buildActionMask = 2147483647;
			files = (
				009C31EB25B32A2400C0B76D /* TMDbComponents.h in Headers */,
			);
			runOnlyForDeploymentPostprocessing = 0;
		};
/* End PBXHeadersBuildPhase section */

/* Begin PBXNativeTarget section */
		009C31E525B32A2400C0B76D /* TMDbComponents */ = {
			isa = PBXNativeTarget;
			buildConfigurationList = 009C31EE25B32A2400C0B76D /* Build configuration list for PBXNativeTarget "TMDbComponents" */;
			buildPhases = (
				FFC15DD65EC07DD20309A688 /* [CP] Check Pods Manifest.lock */,
				009C31E125B32A2400C0B76D /* Headers */,
				009C31E225B32A2400C0B76D /* Sources */,
				009C31E325B32A2400C0B76D /* Frameworks */,
				009C31E425B32A2400C0B76D /* Resources */,
				009C322725B32DE900C0B76D /* Embed Frameworks */,
			);
			buildRules = (
			);
			dependencies = (
			);
			name = TMDbComponents;
			productName = TMDbComponents;
			productReference = 009C31E625B32A2400C0B76D /* TMDbComponents.framework */;
			productType = "com.apple.product-type.framework";
		};
/* End PBXNativeTarget section */

/* Begin PBXProject section */
		009C31DD25B32A2400C0B76D /* Project object */ = {
			isa = PBXProject;
			attributes = {
				LastUpgradeCheck = 1210;
				TargetAttributes = {
					009C31E525B32A2400C0B76D = {
						CreatedOnToolsVersion = 12.1;
						LastSwiftMigration = 1210;
					};
				};
			};
			buildConfigurationList = 009C31E025B32A2400C0B76D /* Build configuration list for PBXProject "TMDbComponents" */;
			compatibilityVersion = "Xcode 9.3";
			developmentRegion = en;
			hasScannedForEncodings = 0;
			knownRegions = (
				en,
				Base,
			);
			mainGroup = 009C31DC25B32A2400C0B76D;
			productRefGroup = 009C31E725B32A2400C0B76D /* Products */;
			projectDirPath = "";
			projectRoot = "";
			targets = (
				009C31E525B32A2400C0B76D /* TMDbComponents */,
			);
		};
/* End PBXProject section */

/* Begin PBXResourcesBuildPhase section */
		009C31E425B32A2400C0B76D /* Resources */ = {
			isa = PBXResourcesBuildPhase;
			buildActionMask = 2147483647;
			files = (
			);
			runOnlyForDeploymentPostprocessing = 0;
		};
/* End PBXResourcesBuildPhase section */

/* Begin PBXShellScriptBuildPhase section */
		FFC15DD65EC07DD20309A688 /* [CP] Check Pods Manifest.lock */ = {
			isa = PBXShellScriptBuildPhase;
			buildActionMask = 2147483647;
			files = (
			);
			inputFileListPaths = (
			);
			inputPaths = (
				"${PODS_PODFILE_DIR_PATH}/Podfile.lock",
				"${PODS_ROOT}/Manifest.lock",
			);
			name = "[CP] Check Pods Manifest.lock";
			outputFileListPaths = (
			);
			outputPaths = (
				"$(DERIVED_FILE_DIR)/Pods-TMDbComponents-checkManifestLockResult.txt",
			);
			runOnlyForDeploymentPostprocessing = 0;
			shellPath = /bin/sh;
			shellScript = "diff \"${PODS_PODFILE_DIR_PATH}/Podfile.lock\" \"${PODS_ROOT}/Manifest.lock\" > /dev/null\nif [ $? != 0 ] ; then\n    # print error to STDERR\n    echo \"error: The sandbox is not in sync with the Podfile.lock. Run 'pod install' or update your CocoaPods installation.\" >&2\n    exit 1\nfi\n# This output is used by Xcode 'outputs' to avoid re-running this script phase.\necho \"SUCCESS\" > \"${SCRIPT_OUTPUT_FILE_0}\"\n";
			showEnvVarsInLog = 0;
		};
/* End PBXShellScriptBuildPhase section */

/* Begin PBXSourcesBuildPhase section */
		009C31E225B32A2400C0B76D /* Sources */ = {
			isa = PBXSourcesBuildPhase;
			buildActionMask = 2147483647;
			files = (
				009C31F425B32A5B00C0B76D /* BaseLabelComponent.swift in Sources */,
				009C31F725B32A6300C0B76D /* BaseImageViewComponent.swift in Sources */,
			);
			runOnlyForDeploymentPostprocessing = 0;
		};
/* End PBXSourcesBuildPhase section */

/* Begin XCBuildConfiguration section */
		009C31EC25B32A2400C0B76D /* Debug */ = {
			isa = XCBuildConfiguration;
			buildSettings = {
				ALWAYS_SEARCH_USER_PATHS = NO;
				CLANG_ANALYZER_NONNULL = YES;
				CLANG_ANALYZER_NUMBER_OBJECT_CONVERSION = YES_AGGRESSIVE;
				CLANG_CXX_LANGUAGE_STANDARD = "gnu++14";
				CLANG_CXX_LIBRARY = "libc++";
				CLANG_ENABLE_MODULES = YES;
				CLANG_ENABLE_OBJC_ARC = YES;
				CLANG_ENABLE_OBJC_WEAK = YES;
				CLANG_WARN_BLOCK_CAPTURE_AUTORELEASING = YES;
				CLANG_WARN_BOOL_CONVERSION = YES;
				CLANG_WARN_COMMA = YES;
				CLANG_WARN_CONSTANT_CONVERSION = YES;
				CLANG_WARN_DEPRECATED_OBJC_IMPLEMENTATIONS = YES;
				CLANG_WARN_DIRECT_OBJC_ISA_USAGE = YES_ERROR;
				CLANG_WARN_DOCUMENTATION_COMMENTS = YES;
				CLANG_WARN_EMPTY_BODY = YES;
				CLANG_WARN_ENUM_CONVERSION = YES;
				CLANG_WARN_INFINITE_RECURSION = YES;
				CLANG_WARN_INT_CONVERSION = YES;
				CLANG_WARN_NON_LITERAL_NULL_CONVERSION = YES;
				CLANG_WARN_OBJC_IMPLICIT_RETAIN_SELF = YES;
				CLANG_WARN_OBJC_LITERAL_CONVERSION = YES;
				CLANG_WARN_OBJC_ROOT_CLASS = YES_ERROR;
				CLANG_WARN_QUOTED_INCLUDE_IN_FRAMEWORK_HEADER = YES;
				CLANG_WARN_RANGE_LOOP_ANALYSIS = YES;
				CLANG_WARN_STRICT_PROTOTYPES = YES;
				CLANG_WARN_SUSPICIOUS_MOVE = YES;
				CLANG_WARN_UNGUARDED_AVAILABILITY = YES_AGGRESSIVE;
				CLANG_WARN_UNREACHABLE_CODE = YES;
				CLANG_WARN__DUPLICATE_METHOD_MATCH = YES;
				COPY_PHASE_STRIP = NO;
				CURRENT_PROJECT_VERSION = 1;
				DEBUG_INFORMATION_FORMAT = dwarf;
				ENABLE_STRICT_OBJC_MSGSEND = YES;
				ENABLE_TESTABILITY = YES;
				GCC_C_LANGUAGE_STANDARD = gnu11;
				GCC_DYNAMIC_NO_PIC = NO;
				GCC_NO_COMMON_BLOCKS = YES;
				GCC_OPTIMIZATION_LEVEL = 0;
				GCC_PREPROCESSOR_DEFINITIONS = (
					"DEBUG=1",
					"$(inherited)",
				);
				GCC_WARN_64_TO_32_BIT_CONVERSION = YES;
				GCC_WARN_ABOUT_RETURN_TYPE = YES_ERROR;
				GCC_WARN_UNDECLARED_SELECTOR = YES;
				GCC_WARN_UNINITIALIZED_AUTOS = YES_AGGRESSIVE;
				GCC_WARN_UNUSED_FUNCTION = YES;
				GCC_WARN_UNUSED_VARIABLE = YES;
				IPHONEOS_DEPLOYMENT_TARGET = 10.0;
				MTL_ENABLE_DEBUG_INFO = INCLUDE_SOURCE;
				MTL_FAST_MATH = YES;
				ONLY_ACTIVE_ARCH = YES;
				SDKROOT = iphoneos;
				SWIFT_ACTIVE_COMPILATION_CONDITIONS = DEBUG;
				SWIFT_OPTIMIZATION_LEVEL = "-Onone";
				VERSIONING_SYSTEM = "apple-generic";
				VERSION_INFO_PREFIX = "";
			};
			name = Debug;
		};
		009C31ED25B32A2400C0B76D /* Release */ = {
			isa = XCBuildConfiguration;
			buildSettings = {
				ALWAYS_SEARCH_USER_PATHS = NO;
				CLANG_ANALYZER_NONNULL = YES;
				CLANG_ANALYZER_NUMBER_OBJECT_CONVERSION = YES_AGGRESSIVE;
				CLANG_CXX_LANGUAGE_STANDARD = "gnu++14";
				CLANG_CXX_LIBRARY = "libc++";
				CLANG_ENABLE_MODULES = YES;
				CLANG_ENABLE_OBJC_ARC = YES;
				CLANG_ENABLE_OBJC_WEAK = YES;
				CLANG_WARN_BLOCK_CAPTURE_AUTORELEASING = YES;
				CLANG_WARN_BOOL_CONVERSION = YES;
				CLANG_WARN_COMMA = YES;
				CLANG_WARN_CONSTANT_CONVERSION = YES;
				CLANG_WARN_DEPRECATED_OBJC_IMPLEMENTATIONS = YES;
				CLANG_WARN_DIRECT_OBJC_ISA_USAGE = YES_ERROR;
				CLANG_WARN_DOCUMENTATION_COMMENTS = YES;
				CLANG_WARN_EMPTY_BODY = YES;
				CLANG_WARN_ENUM_CONVERSION = YES;
				CLANG_WARN_INFINITE_RECURSION = YES;
				CLANG_WARN_INT_CONVERSION = YES;
				CLANG_WARN_NON_LITERAL_NULL_CONVERSION = YES;
				CLANG_WARN_OBJC_IMPLICIT_RETAIN_SELF = YES;
				CLANG_WARN_OBJC_LITERAL_CONVERSION = YES;
				CLANG_WARN_OBJC_ROOT_CLASS = YES_ERROR;
				CLANG_WARN_QUOTED_INCLUDE_IN_FRAMEWORK_HEADER = YES;
				CLANG_WARN_RANGE_LOOP_ANALYSIS = YES;
				CLANG_WARN_STRICT_PROTOTYPES = YES;
				CLANG_WARN_SUSPICIOUS_MOVE = YES;
				CLANG_WARN_UNGUARDED_AVAILABILITY = YES_AGGRESSIVE;
				CLANG_WARN_UNREACHABLE_CODE = YES;
				CLANG_WARN__DUPLICATE_METHOD_MATCH = YES;
				COPY_PHASE_STRIP = NO;
				CURRENT_PROJECT_VERSION = 1;
				DEBUG_INFORMATION_FORMAT = "dwarf-with-dsym";
				ENABLE_NS_ASSERTIONS = NO;
				ENABLE_STRICT_OBJC_MSGSEND = YES;
				GCC_C_LANGUAGE_STANDARD = gnu11;
				GCC_NO_COMMON_BLOCKS = YES;
				GCC_WARN_64_TO_32_BIT_CONVERSION = YES;
				GCC_WARN_ABOUT_RETURN_TYPE = YES_ERROR;
				GCC_WARN_UNDECLARED_SELECTOR = YES;
				GCC_WARN_UNINITIALIZED_AUTOS = YES_AGGRESSIVE;
				GCC_WARN_UNUSED_FUNCTION = YES;
				GCC_WARN_UNUSED_VARIABLE = YES;
				IPHONEOS_DEPLOYMENT_TARGET = 10.0;
				MTL_ENABLE_DEBUG_INFO = NO;
				MTL_FAST_MATH = YES;
				SDKROOT = iphoneos;
				SWIFT_COMPILATION_MODE = wholemodule;
				SWIFT_OPTIMIZATION_LEVEL = "-O";
				VALIDATE_PRODUCT = YES;
				VERSIONING_SYSTEM = "apple-generic";
				VERSION_INFO_PREFIX = "";
			};
			name = Release;
		};
		009C31EF25B32A2400C0B76D /* Debug */ = {
			isa = XCBuildConfiguration;
			baseConfigurationReference = 8C9BBE90B2ED5C39AD9B1433 /* Pods-TMDbComponents.debug.xcconfig */;
			buildSettings = {
				CLANG_ENABLE_MODULES = YES;
				CODE_SIGN_STYLE = Automatic;
				DEFINES_MODULE = YES;
				DYLIB_COMPATIBILITY_VERSION = 1;
				DYLIB_CURRENT_VERSION = 1;
				DYLIB_INSTALL_NAME_BASE = "@rpath";
				INFOPLIST_FILE = TMDbComponents/Info.plist;
				INSTALL_PATH = "$(LOCAL_LIBRARY_DIR)/Frameworks";
				LD_RUNPATH_SEARCH_PATHS = (
					"$(inherited)",
					"@executable_path/Frameworks",
					"@loader_path/Frameworks",
				);
				PRODUCT_BUNDLE_IDENTIFIER = crab.TMDbComponents;
				PRODUCT_NAME = "$(TARGET_NAME:c99extidentifier)";
				SKIP_INSTALL = YES;
				SWIFT_OPTIMIZATION_LEVEL = "-Onone";
				SWIFT_VERSION = 5.0;
				TARGETED_DEVICE_FAMILY = "1,2";
			};
			name = Debug;
		};
		009C31F025B32A2400C0B76D /* Release */ = {
			isa = XCBuildConfiguration;
			baseConfigurationReference = D482F7EEC6DF8518EBC0EE48 /* Pods-TMDbComponents.release.xcconfig */;
			buildSettings = {
				CLANG_ENABLE_MODULES = YES;
				CODE_SIGN_STYLE = Automatic;
				DEFINES_MODULE = YES;
				DYLIB_COMPATIBILITY_VERSION = 1;
				DYLIB_CURRENT_VERSION = 1;
				DYLIB_INSTALL_NAME_BASE = "@rpath";
				INFOPLIST_FILE = TMDbComponents/Info.plist;
				INSTALL_PATH = "$(LOCAL_LIBRARY_DIR)/Frameworks";
				LD_RUNPATH_SEARCH_PATHS = (
					"$(inherited)",
					"@executable_path/Frameworks",
					"@loader_path/Frameworks",
				);
				PRODUCT_BUNDLE_IDENTIFIER = crab.TMDbComponents;
				PRODUCT_NAME = "$(TARGET_NAME:c99extidentifier)";
				SKIP_INSTALL = YES;
				SWIFT_VERSION = 5.0;
				TARGETED_DEVICE_FAMILY = "1,2";
			};
			name = Release;
		};
/* End XCBuildConfiguration section */

/* Begin XCConfigurationList section */
		009C31E025B32A2400C0B76D /* Build configuration list for PBXProject "TMDbComponents" */ = {
			isa = XCConfigurationList;
			buildConfigurations = (
				009C31EC25B32A2400C0B76D /* Debug */,
				009C31ED25B32A2400C0B76D /* Release */,
			);
			defaultConfigurationIsVisible = 0;
			defaultConfigurationName = Release;
		};
		009C31EE25B32A2400C0B76D /* Build configuration list for PBXNativeTarget "TMDbComponents" */ = {
			isa = XCConfigurationList;
			buildConfigurations = (
				009C31EF25B32A2400C0B76D /* Debug */,
				009C31F025B32A2400C0B76D /* Release */,
			);
			defaultConfigurationIsVisible = 0;
			defaultConfigurationName = Release;
		};
/* End XCConfigurationList section */
	};
	rootObject = 009C31DD25B32A2400C0B76D /* Project object */;
}
