// !$*UTF8*$!
{
	archiveVersion = 1;
	classes = {
	};
	objectVersion = 51;
	objects = {

/* Begin PBXBuildFile section */
		003EDC1D2598126100BB1560 /* MovieDetailModel.swift in Sources */ = {isa = PBXBuildFile; fileRef = 003EDC1C2598126000BB1560 /* MovieDetailModel.swift */; };
		003EDC2B2598D06900BB1560 /* PersonDetailViewController.swift in Sources */ = {isa = PBXBuildFile; fileRef = 003EDC2A2598D06900BB1560 /* PersonDetailViewController.swift */; };
		003EDC2E2598D16F00BB1560 /* PersonDetailModel.swift in Sources */ = {isa = PBXBuildFile; fileRef = 003EDC2D2598D16F00BB1560 /* PersonDetailModel.swift */; };
		004A988525975206008F878D /* AppDelegate.swift in Sources */ = {isa = PBXBuildFile; fileRef = 004A988425975206008F878D /* AppDelegate.swift */; };
		004A988725975206008F878D /* SceneDelegate.swift in Sources */ = {isa = PBXBuildFile; fileRef = 004A988625975206008F878D /* SceneDelegate.swift */; };
		004A988925975206008F878D /* MovieListViewController.swift in Sources */ = {isa = PBXBuildFile; fileRef = 004A988825975206008F878D /* MovieListViewController.swift */; };
		004A988C25975206008F878D /* Main.storyboard in Resources */ = {isa = PBXBuildFile; fileRef = 004A988A25975206008F878D /* Main.storyboard */; };
		004A988E25975210008F878D /* Assets.xcassets in Resources */ = {isa = PBXBuildFile; fileRef = 004A988D25975210008F878D /* Assets.xcassets */; };
		004A989125975210008F878D /* LaunchScreen.storyboard in Resources */ = {isa = PBXBuildFile; fileRef = 004A988F25975210008F878D /* LaunchScreen.storyboard */; };
		004A989C259755F2008F878D /* MovieListTableViewCell.swift in Sources */ = {isa = PBXBuildFile; fileRef = 004A989B259755F2008F878D /* MovieListTableViewCell.swift */; };
		004A98A32597587A008F878D /* BaseLabelComponent.swift in Sources */ = {isa = PBXBuildFile; fileRef = 004A98A22597587A008F878D /* BaseLabelComponent.swift */; };
		004A98AE25975FA7008F878D /* ConstantValue.swift in Sources */ = {isa = PBXBuildFile; fileRef = 004A98AD25975FA7008F878D /* ConstantValue.swift */; };
		004A98B42597632D008F878D /* MovieListModel.swift in Sources */ = {isa = PBXBuildFile; fileRef = 004A98B32597632D008F878D /* MovieListModel.swift */; };
		004A98B82597634B008F878D /* MovieListViewModel.swift in Sources */ = {isa = PBXBuildFile; fileRef = 004A98B72597634B008F878D /* MovieListViewModel.swift */; };
		004A98D12597DA6D008F878D /* MovieDetailViewController.swift in Sources */ = {isa = PBXBuildFile; fileRef = 004A98D02597DA6D008F878D /* MovieDetailViewController.swift */; };
		004A98D52597F254008F878D /* APIUrl.swift in Sources */ = {isa = PBXBuildFile; fileRef = 004A98D42597F254008F878D /* APIUrl.swift */; };
		004A98D82597F485008F878D /* MovieDetailCollectionViewCell.swift in Sources */ = {isa = PBXBuildFile; fileRef = 004A98D72597F485008F878D /* MovieDetailCollectionViewCell.swift */; };
		004A98E42597FCDB008F878D /* BaseViewTool.swift in Sources */ = {isa = PBXBuildFile; fileRef = 004A98E32597FCDB008F878D /* BaseViewTool.swift */; };
		004A98E72597FF52008F878D /* MovieDetailViewModel.swift in Sources */ = {isa = PBXBuildFile; fileRef = 004A98E62597FF52008F878D /* MovieDetailViewModel.swift */; };
		00D5786E2599CA2B00A16CF5 /* BaseImageViewComponent.swift in Sources */ = {isa = PBXBuildFile; fileRef = 00D5786D2599CA2B00A16CF5 /* BaseImageViewComponent.swift */; };
		EBE935FA53AAD5159C5FB56A /* Pods_TMDbApp.framework in Frameworks */ = {isa = PBXBuildFile; fileRef = 427B272E7C7672D768248955 /* Pods_TMDbApp.framework */; };
/* End PBXBuildFile section */

/* Begin PBXFileReference section */
		003EDC1C2598126000BB1560 /* MovieDetailModel.swift */ = {isa = PBXFileReference; lastKnownFileType = sourcecode.swift; path = MovieDetailModel.swift; sourceTree = "<group>"; };
		003EDC2A2598D06900BB1560 /* PersonDetailViewController.swift */ = {isa = PBXFileReference; lastKnownFileType = sourcecode.swift; path = PersonDetailViewController.swift; sourceTree = "<group>"; };
		003EDC2D2598D16F00BB1560 /* PersonDetailModel.swift */ = {isa = PBXFileReference; lastKnownFileType = sourcecode.swift; path = PersonDetailModel.swift; sourceTree = "<group>"; };
		004A988125975206008F878D /* TMDbApp.app */ = {isa = PBXFileReference; explicitFileType = wrapper.application; includeInIndex = 0; path = TMDbApp.app; sourceTree = BUILT_PRODUCTS_DIR; };
		004A988425975206008F878D /* AppDelegate.swift */ = {isa = PBXFileReference; lastKnownFileType = sourcecode.swift; path = AppDelegate.swift; sourceTree = "<group>"; };
		004A988625975206008F878D /* SceneDelegate.swift */ = {isa = PBXFileReference; lastKnownFileType = sourcecode.swift; path = SceneDelegate.swift; sourceTree = "<group>"; };
		004A988825975206008F878D /* MovieListViewController.swift */ = {isa = PBXFileReference; lastKnownFileType = sourcecode.swift; path = MovieListViewController.swift; sourceTree = "<group>"; };
		004A988B25975206008F878D /* Base */ = {isa = PBXFileReference; lastKnownFileType = file.storyboard; name = Base; path = Base.lproj/Main.storyboard; sourceTree = "<group>"; };
		004A988D25975210008F878D /* Assets.xcassets */ = {isa = PBXFileReference; lastKnownFileType = folder.assetcatalog; path = Assets.xcassets; sourceTree = "<group>"; };
		004A989025975210008F878D /* Base */ = {isa = PBXFileReference; lastKnownFileType = file.storyboard; name = Base; path = Base.lproj/LaunchScreen.storyboard; sourceTree = "<group>"; };
		004A989225975210008F878D /* Info.plist */ = {isa = PBXFileReference; lastKnownFileType = text.plist.xml; path = Info.plist; sourceTree = "<group>"; };
		004A989B259755F2008F878D /* MovieListTableViewCell.swift */ = {isa = PBXFileReference; lastKnownFileType = sourcecode.swift; path = MovieListTableViewCell.swift; sourceTree = "<group>"; };
		004A98A22597587A008F878D /* BaseLabelComponent.swift */ = {isa = PBXFileReference; lastKnownFileType = sourcecode.swift; path = BaseLabelComponent.swift; sourceTree = "<group>"; };
		004A98AD25975FA7008F878D /* ConstantValue.swift */ = {isa = PBXFileReference; lastKnownFileType = sourcecode.swift; path = ConstantValue.swift; sourceTree = "<group>"; };
		004A98B32597632D008F878D /* MovieListModel.swift */ = {isa = PBXFileReference; lastKnownFileType = sourcecode.swift; path = MovieListModel.swift; sourceTree = "<group>"; };
		004A98B72597634B008F878D /* MovieListViewModel.swift */ = {isa = PBXFileReference; lastKnownFileType = sourcecode.swift; path = MovieListViewModel.swift; sourceTree = "<group>"; };
		004A98D02597DA6D008F878D /* MovieDetailViewController.swift */ = {isa = PBXFileReference; lastKnownFileType = sourcecode.swift; path = MovieDetailViewController.swift; sourceTree = "<group>"; };
		004A98D42597F254008F878D /* APIUrl.swift */ = {isa = PBXFileReference; lastKnownFileType = sourcecode.swift; path = APIUrl.swift; sourceTree = "<group>"; };
		004A98D72597F485008F878D /* MovieDetailCollectionViewCell.swift */ = {isa = PBXFileReference; lastKnownFileType = sourcecode.swift; path = MovieDetailCollectionViewCell.swift; sourceTree = "<group>"; };
		004A98E32597FCDB008F878D /* BaseViewTool.swift */ = {isa = PBXFileReference; lastKnownFileType = sourcecode.swift; path = BaseViewTool.swift; sourceTree = "<group>"; };
		004A98E62597FF52008F878D /* MovieDetailViewModel.swift */ = {isa = PBXFileReference; lastKnownFileType = sourcecode.swift; path = MovieDetailViewModel.swift; sourceTree = "<group>"; };
		00D5786D2599CA2B00A16CF5 /* BaseImageViewComponent.swift */ = {isa = PBXFileReference; lastKnownFileType = sourcecode.swift; path = BaseImageViewComponent.swift; sourceTree = "<group>"; };
		3E5D5892BB0331BBFE295953 /* Pods-TMDbApp.release.xcconfig */ = {isa = PBXFileReference; includeInIndex = 1; lastKnownFileType = text.xcconfig; name = "Pods-TMDbApp.release.xcconfig"; path = "Target Support Files/Pods-TMDbApp/Pods-TMDbApp.release.xcconfig"; sourceTree = "<group>"; };
		427B272E7C7672D768248955 /* Pods_TMDbApp.framework */ = {isa = PBXFileReference; explicitFileType = wrapper.framework; includeInIndex = 0; path = Pods_TMDbApp.framework; sourceTree = BUILT_PRODUCTS_DIR; };
		F0C197292F99BE7CDBB4BF2F /* Pods-TMDbApp.debug.xcconfig */ = {isa = PBXFileReference; includeInIndex = 1; lastKnownFileType = text.xcconfig; name = "Pods-TMDbApp.debug.xcconfig"; path = "Target Support Files/Pods-TMDbApp/Pods-TMDbApp.debug.xcconfig"; sourceTree = "<group>"; };
/* End PBXFileReference section */

/* Begin PBXFrameworksBuildPhase section */
		004A987E25975206008F878D /* Frameworks */ = {
			isa = PBXFrameworksBuildPhase;
			buildActionMask = 2147483647;
			files = (
				EBE935FA53AAD5159C5FB56A /* Pods_TMDbApp.framework in Frameworks */,
			);
			runOnlyForDeploymentPostprocessing = 0;
		};
/* End PBXFrameworksBuildPhase section */

/* Begin PBXGroup section */
		003EDC292598D04000BB1560 /* CastDetail */ = {
			isa = PBXGroup;
			children = (
				003EDC2A2598D06900BB1560 /* PersonDetailViewController.swift */,
				003EDC2D2598D16F00BB1560 /* PersonDetailModel.swift */,
			);
			path = CastDetail;
			sourceTree = "<group>";
		};
		004A987825975206008F878D = {
			isa = PBXGroup;
			children = (
				004A988325975206008F878D /* TMDbApp */,
				004A988225975206008F878D /* Products */,
				8661ED8386A8EEAD54AEC463 /* Pods */,
				C51A890D21EDFE85709807CB /* Frameworks */,
			);
			sourceTree = "<group>";
		};
		004A988225975206008F878D /* Products */ = {
			isa = PBXGroup;
			children = (
				004A988125975206008F878D /* TMDbApp.app */,
			);
			name = Products;
			sourceTree = "<group>";
		};
		004A988325975206008F878D /* TMDbApp */ = {
			isa = PBXGroup;
			children = (
				004A98B22597631D008F878D /* Models */,
				004A98AC25975F9C008F878D /* Constants */,
				004A98A125975865008F878D /* ReusableComponents */,
				004A989E259755F5008F878D /* Controllers */,
				004A988425975206008F878D /* AppDelegate.swift */,
				004A988625975206008F878D /* SceneDelegate.swift */,
				004A988A25975206008F878D /* Main.storyboard */,
				004A988D25975210008F878D /* Assets.xcassets */,
				004A988F25975210008F878D /* LaunchScreen.storyboard */,
				004A989225975210008F878D /* Info.plist */,
			);
			path = TMDbApp;
			sourceTree = "<group>";
		};
		004A989E259755F5008F878D /* Controllers */ = {
			isa = PBXGroup;
			children = (
				004A989F25975601008F878D /* MovieList */,
				004A98CF2597DA51008F878D /* MovieDetail */,
				003EDC292598D04000BB1560 /* CastDetail */,
			);
			path = Controllers;
			sourceTree = "<group>";
		};
		004A989F25975601008F878D /* MovieList */ = {
			isa = PBXGroup;
			children = (
				004A988825975206008F878D /* MovieListViewController.swift */,
				004A98B32597632D008F878D /* MovieListModel.swift */,
				004A98B72597634B008F878D /* MovieListViewModel.swift */,
				004A989B259755F2008F878D /* MovieListTableViewCell.swift */,
			);
			path = MovieList;
			sourceTree = "<group>";
		};
		004A98A125975865008F878D /* ReusableComponents */ = {
			isa = PBXGroup;
			children = (
				004A98A22597587A008F878D /* BaseLabelComponent.swift */,
				00D5786D2599CA2B00A16CF5 /* BaseImageViewComponent.swift */,
			);
			path = ReusableComponents;
			sourceTree = "<group>";
		};
		004A98AC25975F9C008F878D /* Constants */ = {
			isa = PBXGroup;
			children = (
				004A98AD25975FA7008F878D /* ConstantValue.swift */,
				004A98D42597F254008F878D /* APIUrl.swift */,
				004A98E32597FCDB008F878D /* BaseViewTool.swift */,
			);
			path = Constants;
			sourceTree = "<group>";
		};
		004A98B22597631D008F878D /* Models */ = {
			isa = PBXGroup;
			children = (
			);
			path = Models;
			sourceTree = "<group>";
		};
		004A98CF2597DA51008F878D /* MovieDetail */ = {
			isa = PBXGroup;
			children = (
				004A98D02597DA6D008F878D /* MovieDetailViewController.swift */,
				004A98E62597FF52008F878D /* MovieDetailViewModel.swift */,
				004A98D72597F485008F878D /* MovieDetailCollectionViewCell.swift */,
				003EDC1C2598126000BB1560 /* MovieDetailModel.swift */,
			);
			path = MovieDetail;
			sourceTree = "<group>";
		};
		8661ED8386A8EEAD54AEC463 /* Pods */ = {
			isa = PBXGroup;
			children = (
				F0C197292F99BE7CDBB4BF2F /* Pods-TMDbApp.debug.xcconfig */,
				3E5D5892BB0331BBFE295953 /* Pods-TMDbApp.release.xcconfig */,
			);
			path = Pods;
			sourceTree = "<group>";
		};
		C51A890D21EDFE85709807CB /* Frameworks */ = {
			isa = PBXGroup;
			children = (
				427B272E7C7672D768248955 /* Pods_TMDbApp.framework */,
			);
			name = Frameworks;
			sourceTree = "<group>";
		};
/* End PBXGroup section */

/* Begin PBXNativeTarget section */
		004A988025975206008F878D /* TMDbApp */ = {
			isa = PBXNativeTarget;
			buildConfigurationList = 004A989525975211008F878D /* Build configuration list for PBXNativeTarget "TMDbApp" */;
			buildPhases = (
				49E89674B40CFBC3D84A1B9D /* [CP] Check Pods Manifest.lock */,
				004A987D25975206008F878D /* Sources */,
				004A987E25975206008F878D /* Frameworks */,
				004A987F25975206008F878D /* Resources */,
				DFFFBC2B1971048B5D6D5768 /* [CP] Embed Pods Frameworks */,
			);
			buildRules = (
			);
			dependencies = (
			);
			name = TMDbApp;
			productName = TMDbApp;
			productReference = 004A988125975206008F878D /* TMDbApp.app */;
			productType = "com.apple.product-type.application";
		};
/* End PBXNativeTarget section */

/* Begin PBXProject section */
		004A987925975206008F878D /* Project object */ = {
			isa = PBXProject;
			attributes = {
				LastSwiftUpdateCheck = 1210;
				LastUpgradeCheck = 1210;
				TargetAttributes = {
					004A988025975206008F878D = {
						CreatedOnToolsVersion = 12.1;
					};
				};
			};
			buildConfigurationList = 004A987C25975206008F878D /* Build configuration list for PBXProject "TMDbApp" */;
			compatibilityVersion = "Xcode 9.3";
			developmentRegion = en;
			hasScannedForEncodings = 0;
			knownRegions = (
				en,
				Base,
			);
			mainGroup = 004A987825975206008F878D;
			productRefGroup = 004A988225975206008F878D /* Products */;
			projectDirPath = "";
			projectRoot = "";
			targets = (
				004A988025975206008F878D /* TMDbApp */,
			);
		};
/* End PBXProject section */

/* Begin PBXResourcesBuildPhase section */
		004A987F25975206008F878D /* Resources */ = {
			isa = PBXResourcesBuildPhase;
			buildActionMask = 2147483647;
			files = (
				004A989125975210008F878D /* LaunchScreen.storyboard in Resources */,
				004A988E25975210008F878D /* Assets.xcassets in Resources */,
				004A988C25975206008F878D /* Main.storyboard in Resources */,
			);
			runOnlyForDeploymentPostprocessing = 0;
		};
/* End PBXResourcesBuildPhase section */

/* Begin PBXShellScriptBuildPhase section */
		49E89674B40CFBC3D84A1B9D /* [CP] Check Pods Manifest.lock */ = {
			isa = PBXShellScriptBuildPhase;
			buildActionMask = 2147483647;
			files = (
			);
			inputFileListPaths = (
			);
			inputPaths = (
				"${PODS_PODFILE_DIR_PATH}/Podfile.lock",
				"${PODS_ROOT}/Manifest.lock",
			);
			name = "[CP] Check Pods Manifest.lock";
			outputFileListPaths = (
			);
			outputPaths = (
				"$(DERIVED_FILE_DIR)/Pods-TMDbApp-checkManifestLockResult.txt",
			);
			runOnlyForDeploymentPostprocessing = 0;
			shellPath = /bin/sh;
			shellScript = "diff \"${PODS_PODFILE_DIR_PATH}/Podfile.lock\" \"${PODS_ROOT}/Manifest.lock\" > /dev/null\nif [ $? != 0 ] ; then\n    # print error to STDERR\n    echo \"error: The sandbox is not in sync with the Podfile.lock. Run 'pod install' or update your CocoaPods installation.\" >&2\n    exit 1\nfi\n# This output is used by Xcode 'outputs' to avoid re-running this script phase.\necho \"SUCCESS\" > \"${SCRIPT_OUTPUT_FILE_0}\"\n";
			showEnvVarsInLog = 0;
		};
		DFFFBC2B1971048B5D6D5768 /* [CP] Embed Pods Frameworks */ = {
			isa = PBXShellScriptBuildPhase;
			buildActionMask = 2147483647;
			files = (
			);
			inputFileListPaths = (
				"${PODS_ROOT}/Target Support Files/Pods-TMDbApp/Pods-TMDbApp-frameworks-${CONFIGURATION}-input-files.xcfilelist",
			);
			name = "[CP] Embed Pods Frameworks";
			outputFileListPaths = (
				"${PODS_ROOT}/Target Support Files/Pods-TMDbApp/Pods-TMDbApp-frameworks-${CONFIGURATION}-output-files.xcfilelist",
			);
			runOnlyForDeploymentPostprocessing = 0;
			shellPath = /bin/sh;
			shellScript = "\"${PODS_ROOT}/Target Support Files/Pods-TMDbApp/Pods-TMDbApp-frameworks.sh\"\n";
			showEnvVarsInLog = 0;
		};
/* End PBXShellScriptBuildPhase section */

/* Begin PBXSourcesBuildPhase section */
		004A987D25975206008F878D /* Sources */ = {
			isa = PBXSourcesBuildPhase;
			buildActionMask = 2147483647;
			files = (
				004A98D52597F254008F878D /* APIUrl.swift in Sources */,
				004A98E42597FCDB008F878D /* BaseViewTool.swift in Sources */,
				004A98B42597632D008F878D /* MovieListModel.swift in Sources */,
				004A988925975206008F878D /* MovieListViewController.swift in Sources */,
				004A98A32597587A008F878D /* BaseLabelComponent.swift in Sources */,
				004A98E72597FF52008F878D /* MovieDetailViewModel.swift in Sources */,
				004A98D82597F485008F878D /* MovieDetailCollectionViewCell.swift in Sources */,
				003EDC2B2598D06900BB1560 /* PersonDetailViewController.swift in Sources */,
				004A98B82597634B008F878D /* MovieListViewModel.swift in Sources */,
				004A988525975206008F878D /* AppDelegate.swift in Sources */,
				004A98AE25975FA7008F878D /* ConstantValue.swift in Sources */,
				004A989C259755F2008F878D /* MovieListTableViewCell.swift in Sources */,
				004A98D12597DA6D008F878D /* MovieDetailViewController.swift in Sources */,
				004A988725975206008F878D /* SceneDelegate.swift in Sources */,
				003EDC1D2598126100BB1560 /* MovieDetailModel.swift in Sources */,
				00D5786E2599CA2B00A16CF5 /* BaseImageViewComponent.swift in Sources */,
				003EDC2E2598D16F00BB1560 /* PersonDetailModel.swift in Sources */,
			);
			runOnlyForDeploymentPostprocessing = 0;
		};
/* End PBXSourcesBuildPhase section */

/* Begin PBXVariantGroup section */
		004A988A25975206008F878D /* Main.storyboard */ = {
			isa = PBXVariantGroup;
			children = (
				004A988B25975206008F878D /* Base */,
			);
			name = Main.storyboard;
			sourceTree = "<group>";
		};
		004A988F25975210008F878D /* LaunchScreen.storyboard */ = {
			isa = PBXVariantGroup;
			children = (
				004A989025975210008F878D /* Base */,
			);
			name = LaunchScreen.storyboard;
			sourceTree = "<group>";
		};
/* End PBXVariantGroup section */

/* Begin XCBuildConfiguration section */
		004A989325975210008F878D /* Debug */ = {
			isa = XCBuildConfiguration;
			buildSettings = {
				ALWAYS_SEARCH_USER_PATHS = NO;
				CLANG_ANALYZER_NONNULL = YES;
				CLANG_ANALYZER_NUMBER_OBJECT_CONVERSION = YES_AGGRESSIVE;
				CLANG_CXX_LANGUAGE_STANDARD = "gnu++14";
				CLANG_CXX_LIBRARY = "libc++";
				CLANG_ENABLE_MODULES = YES;
				CLANG_ENABLE_OBJC_ARC = YES;
				CLANG_ENABLE_OBJC_WEAK = YES;
				CLANG_WARN_BLOCK_CAPTURE_AUTORELEASING = YES;
				CLANG_WARN_BOOL_CONVERSION = YES;
				CLANG_WARN_COMMA = YES;
				CLANG_WARN_CONSTANT_CONVERSION = YES;
				CLANG_WARN_DEPRECATED_OBJC_IMPLEMENTATIONS = YES;
				CLANG_WARN_DIRECT_OBJC_ISA_USAGE = YES_ERROR;
				CLANG_WARN_DOCUMENTATION_COMMENTS = YES;
				CLANG_WARN_EMPTY_BODY = YES;
				CLANG_WARN_ENUM_CONVERSION = YES;
				CLANG_WARN_INFINITE_RECURSION = YES;
				CLANG_WARN_INT_CONVERSION = YES;
				CLANG_WARN_NON_LITERAL_NULL_CONVERSION = YES;
				CLANG_WARN_OBJC_IMPLICIT_RETAIN_SELF = YES;
				CLANG_WARN_OBJC_LITERAL_CONVERSION = YES;
				CLANG_WARN_OBJC_ROOT_CLASS = YES_ERROR;
				CLANG_WARN_QUOTED_INCLUDE_IN_FRAMEWORK_HEADER = YES;
				CLANG_WARN_RANGE_LOOP_ANALYSIS = YES;
				CLANG_WARN_STRICT_PROTOTYPES = YES;
				CLANG_WARN_SUSPICIOUS_MOVE = YES;
				CLANG_WARN_UNGUARDED_AVAILABILITY = YES_AGGRESSIVE;
				CLANG_WARN_UNREACHABLE_CODE = YES;
				CLANG_WARN__DUPLICATE_METHOD_MATCH = YES;
				COPY_PHASE_STRIP = NO;
				DEBUG_INFORMATION_FORMAT = dwarf;
				ENABLE_STRICT_OBJC_MSGSEND = YES;
				ENABLE_TESTABILITY = YES;
				GCC_C_LANGUAGE_STANDARD = gnu11;
				GCC_DYNAMIC_NO_PIC = NO;
				GCC_NO_COMMON_BLOCKS = YES;
				GCC_OPTIMIZATION_LEVEL = 0;
				GCC_PREPROCESSOR_DEFINITIONS = (
					"DEBUG=1",
					"$(inherited)",
				);
				GCC_WARN_64_TO_32_BIT_CONVERSION = YES;
				GCC_WARN_ABOUT_RETURN_TYPE = YES_ERROR;
				GCC_WARN_UNDECLARED_SELECTOR = YES;
				GCC_WARN_UNINITIALIZED_AUTOS = YES_AGGRESSIVE;
				GCC_WARN_UNUSED_FUNCTION = YES;
				GCC_WARN_UNUSED_VARIABLE = YES;
				IPHONEOS_DEPLOYMENT_TARGET = 14.1;
				MTL_ENABLE_DEBUG_INFO = INCLUDE_SOURCE;
				MTL_FAST_MATH = YES;
				ONLY_ACTIVE_ARCH = YES;
				SDKROOT = iphoneos;
				SWIFT_ACTIVE_COMPILATION_CONDITIONS = DEBUG;
				SWIFT_OPTIMIZATION_LEVEL = "-Onone";
			};
			name = Debug;
		};
		004A989425975210008F878D /* Release */ = {
			isa = XCBuildConfiguration;
			buildSettings = {
				ALWAYS_SEARCH_USER_PATHS = NO;
				CLANG_ANALYZER_NONNULL = YES;
				CLANG_ANALYZER_NUMBER_OBJECT_CONVERSION = YES_AGGRESSIVE;
				CLANG_CXX_LANGUAGE_STANDARD = "gnu++14";
				CLANG_CXX_LIBRARY = "libc++";
				CLANG_ENABLE_MODULES = YES;
				CLANG_ENABLE_OBJC_ARC = YES;
				CLANG_ENABLE_OBJC_WEAK = YES;
				CLANG_WARN_BLOCK_CAPTURE_AUTORELEASING = YES;
				CLANG_WARN_BOOL_CONVERSION = YES;
				CLANG_WARN_COMMA = YES;
				CLANG_WARN_CONSTANT_CONVERSION = YES;
				CLANG_WARN_DEPRECATED_OBJC_IMPLEMENTATIONS = YES;
				CLANG_WARN_DIRECT_OBJC_ISA_USAGE = YES_ERROR;
				CLANG_WARN_DOCUMENTATION_COMMENTS = YES;
				CLANG_WARN_EMPTY_BODY = YES;
				CLANG_WARN_ENUM_CONVERSION = YES;
				CLANG_WARN_INFINITE_RECURSION = YES;
				CLANG_WARN_INT_CONVERSION = YES;
				CLANG_WARN_NON_LITERAL_NULL_CONVERSION = YES;
				CLANG_WARN_OBJC_IMPLICIT_RETAIN_SELF = YES;
				CLANG_WARN_OBJC_LITERAL_CONVERSION = YES;
				CLANG_WARN_OBJC_ROOT_CLASS = YES_ERROR;
				CLANG_WARN_QUOTED_INCLUDE_IN_FRAMEWORK_HEADER = YES;
				CLANG_WARN_RANGE_LOOP_ANALYSIS = YES;
				CLANG_WARN_STRICT_PROTOTYPES = YES;
				CLANG_WARN_SUSPICIOUS_MOVE = YES;
				CLANG_WARN_UNGUARDED_AVAILABILITY = YES_AGGRESSIVE;
				CLANG_WARN_UNREACHABLE_CODE = YES;
				CLANG_WARN__DUPLICATE_METHOD_MATCH = YES;
				COPY_PHASE_STRIP = NO;
				DEBUG_INFORMATION_FORMAT = "dwarf-with-dsym";
				ENABLE_NS_ASSERTIONS = NO;
				ENABLE_STRICT_OBJC_MSGSEND = YES;
				GCC_C_LANGUAGE_STANDARD = gnu11;
				GCC_NO_COMMON_BLOCKS = YES;
				GCC_WARN_64_TO_32_BIT_CONVERSION = YES;
				GCC_WARN_ABOUT_RETURN_TYPE = YES_ERROR;
				GCC_WARN_UNDECLARED_SELECTOR = YES;
				GCC_WARN_UNINITIALIZED_AUTOS = YES_AGGRESSIVE;
				GCC_WARN_UNUSED_FUNCTION = YES;
				GCC_WARN_UNUSED_VARIABLE = YES;
				IPHONEOS_DEPLOYMENT_TARGET = 14.1;
				MTL_ENABLE_DEBUG_INFO = NO;
				MTL_FAST_MATH = YES;
				SDKROOT = iphoneos;
				SWIFT_COMPILATION_MODE = wholemodule;
				SWIFT_OPTIMIZATION_LEVEL = "-O";
				VALIDATE_PRODUCT = YES;
			};
			name = Release;
		};
		004A989625975211008F878D /* Debug */ = {
			isa = XCBuildConfiguration;
			baseConfigurationReference = F0C197292F99BE7CDBB4BF2F /* Pods-TMDbApp.debug.xcconfig */;
			buildSettings = {
				ASSETCATALOG_COMPILER_APPICON_NAME = AppIcon;
				ASSETCATALOG_COMPILER_GLOBAL_ACCENT_COLOR_NAME = AccentColor;
				CODE_SIGN_STYLE = Automatic;
				DEVELOPMENT_TEAM = 265G3QMY9J;
				INFOPLIST_FILE = TMDbApp/Info.plist;
				IPHONEOS_DEPLOYMENT_TARGET = 10.0;
				LD_RUNPATH_SEARCH_PATHS = (
					"$(inherited)",
					"@executable_path/Frameworks",
				);
				PRODUCT_BUNDLE_IDENTIFIER = cemkazim.TMDbApp;
				PRODUCT_NAME = "$(TARGET_NAME)";
				SWIFT_VERSION = 5.0;
				TARGETED_DEVICE_FAMILY = "1,2";
			};
			name = Debug;
		};
		004A989725975211008F878D /* Release */ = {
			isa = XCBuildConfiguration;
			baseConfigurationReference = 3E5D5892BB0331BBFE295953 /* Pods-TMDbApp.release.xcconfig */;
			buildSettings = {
				ASSETCATALOG_COMPILER_APPICON_NAME = AppIcon;
				ASSETCATALOG_COMPILER_GLOBAL_ACCENT_COLOR_NAME = AccentColor;
				CODE_SIGN_STYLE = Automatic;
				DEVELOPMENT_TEAM = 265G3QMY9J;
				INFOPLIST_FILE = TMDbApp/Info.plist;
				IPHONEOS_DEPLOYMENT_TARGET = 10.0;
				LD_RUNPATH_SEARCH_PATHS = (
					"$(inherited)",
					"@executable_path/Frameworks",
				);
				PRODUCT_BUNDLE_IDENTIFIER = cemkazim.TMDbApp;
				PRODUCT_NAME = "$(TARGET_NAME)";
				SWIFT_VERSION = 5.0;
				TARGETED_DEVICE_FAMILY = "1,2";
			};
			name = Release;
		};
/* End XCBuildConfiguration section */

/* Begin XCConfigurationList section */
		004A987C25975206008F878D /* Build configuration list for PBXProject "TMDbApp" */ = {
			isa = XCConfigurationList;
			buildConfigurations = (
				004A989325975210008F878D /* Debug */,
				004A989425975210008F878D /* Release */,
			);
			defaultConfigurationIsVisible = 0;
			defaultConfigurationName = Release;
		};
		004A989525975211008F878D /* Build configuration list for PBXNativeTarget "TMDbApp" */ = {
			isa = XCConfigurationList;
			buildConfigurations = (
				004A989625975211008F878D /* Debug */,
				004A989725975211008F878D /* Release */,
			);
			defaultConfigurationIsVisible = 0;
			defaultConfigurationName = Release;
		};
/* End XCConfigurationList section */
	};
	rootObject = 004A987925975206008F878D /* Project object */;
}
