// !$*UTF8*$!
{
	archiveVersion = 1;
	classes = {
	};
	objectVersion = 51;
	objects = {

/* Begin PBXBuildFile section */
		003EDC2B2598D06900BB1560 /* PersonDetailViewController.swift in Sources */ = {isa = PBXBuildFile; fileRef = 003EDC2A2598D06900BB1560 /* PersonDetailViewController.swift */; };
		004A988525975206008F878D /* AppDelegate.swift in Sources */ = {isa = PBXBuildFile; fileRef = 004A988425975206008F878D /* AppDelegate.swift */; };
		004A988725975206008F878D /* SceneDelegate.swift in Sources */ = {isa = PBXBuildFile; fileRef = 004A988625975206008F878D /* SceneDelegate.swift */; };
		004A988925975206008F878D /* MovieListViewController.swift in Sources */ = {isa = PBXBuildFile; fileRef = 004A988825975206008F878D /* MovieListViewController.swift */; };
		004A988E25975210008F878D /* Assets.xcassets in Resources */ = {isa = PBXBuildFile; fileRef = 004A988D25975210008F878D /* Assets.xcassets */; };
		004A989C259755F2008F878D /* MovieListTableViewCell.swift in Sources */ = {isa = PBXBuildFile; fileRef = 004A989B259755F2008F878D /* MovieListTableViewCell.swift */; };
		004A98D12597DA6D008F878D /* MovieDetailViewController.swift in Sources */ = {isa = PBXBuildFile; fileRef = 004A98D02597DA6D008F878D /* MovieDetailViewController.swift */; };
		004A98D82597F485008F878D /* MovieDetailCollectionViewCell.swift in Sources */ = {isa = PBXBuildFile; fileRef = 004A98D72597F485008F878D /* MovieDetailCollectionViewCell.swift */; };
		006E55E625B253E600CA9D55 /* MovieDetailTests.swift in Sources */ = {isa = PBXBuildFile; fileRef = 006E55E525B253E600CA9D55 /* MovieDetailTests.swift */; };
		006E55F025B25CC200CA9D55 /* PersonDetailTests.swift in Sources */ = {isa = PBXBuildFile; fileRef = 006E55EF25B25CC200CA9D55 /* PersonDetailTests.swift */; };
		009E155425B23E5000515D69 /* TMDbAppTests.swift in Sources */ = {isa = PBXBuildFile; fileRef = 009E155325B23E5000515D69 /* TMDbAppTests.swift */; };
		009E155E25B23F6100515D69 /* NetworkServiceTests.swift in Sources */ = {isa = PBXBuildFile; fileRef = 009E155D25B23F6100515D69 /* NetworkServiceTests.swift */; };
		00A011B225B468E600B316EA /* LaunchScreen.storyboard in Resources */ = {isa = PBXBuildFile; fileRef = 00A011B025B468E600B316EA /* LaunchScreen.storyboard */; };
		00AF82B125B783C000C913A7 /* NetworkManager.swift in Sources */ = {isa = PBXBuildFile; fileRef = 00AF82B025B783C000C913A7 /* NetworkManager.swift */; };
		00AF82B725B783CF00C913A7 /* MovieListViewModel.swift in Sources */ = {isa = PBXBuildFile; fileRef = 00AF82B325B783CA00C913A7 /* MovieListViewModel.swift */; };
		00AF82B925B783D200C913A7 /* MovieDetailViewModel.swift in Sources */ = {isa = PBXBuildFile; fileRef = 00AF82B425B783CA00C913A7 /* MovieDetailViewModel.swift */; };
		00AF82BB25B783D400C913A7 /* PersonDetailViewModel.swift in Sources */ = {isa = PBXBuildFile; fileRef = 00AF82B525B783CA00C913A7 /* PersonDetailViewModel.swift */; };
		00CC2C7225B24BCA00D23F71 /* MovieListTests.swift in Sources */ = {isa = PBXBuildFile; fileRef = 00CC2C7125B24BCA00D23F71 /* MovieListTests.swift */; };
		00F33B4B25B7847A0040F29B /* ViewHelper.swift in Sources */ = {isa = PBXBuildFile; fileRef = 00F33B4A25B784790040F29B /* ViewHelper.swift */; };
		00F33B5025B784880040F29B /* Constants.swift in Sources */ = {isa = PBXBuildFile; fileRef = 00F33B4F25B784880040F29B /* Constants.swift */; };
		00F33B5425B784990040F29B /* MockParam.swift in Sources */ = {isa = PBXBuildFile; fileRef = 00F33B5225B784990040F29B /* MockParam.swift */; };
		00F33B5525B784990040F29B /* APIParam.swift in Sources */ = {isa = PBXBuildFile; fileRef = 00F33B5325B784990040F29B /* APIParam.swift */; };
		00F33B6F25B7873F0040F29B /* MovieListModel.swift in Sources */ = {isa = PBXBuildFile; fileRef = 00AF82BE25B783E000C913A7 /* MovieListModel.swift */; };
		00F33B7225B787420040F29B /* MovieDetailModel.swift in Sources */ = {isa = PBXBuildFile; fileRef = 00AF82BF25B783E000C913A7 /* MovieDetailModel.swift */; };
		00F33B7525B787440040F29B /* PersonDetailModel.swift in Sources */ = {isa = PBXBuildFile; fileRef = 00AF82C025B783E000C913A7 /* PersonDetailModel.swift */; };
		00F33B7A25B7878F0040F29B /* BaseImageViewComponent.swift in Sources */ = {isa = PBXBuildFile; fileRef = 00F33B7925B7878F0040F29B /* BaseImageViewComponent.swift */; };
		00F33B8025B787AD0040F29B /* BaseLabelComponent.swift in Sources */ = {isa = PBXBuildFile; fileRef = 00F33B7F25B787AD0040F29B /* BaseLabelComponent.swift */; };
		2C2B450FB5CC219612A8BF26 /* Pods_TMDbApp.framework in Frameworks */ = {isa = PBXBuildFile; fileRef = 5EAC5A574717F98C54807B6E /* Pods_TMDbApp.framework */; };
/* End PBXBuildFile section */

/* Begin PBXContainerItemProxy section */
		009E155625B23E5000515D69 /* PBXContainerItemProxy */ = {
			isa = PBXContainerItemProxy;
			containerPortal = 004A987925975206008F878D /* Project object */;
			proxyType = 1;
			remoteGlobalIDString = 004A988025975206008F878D;
			remoteInfo = TMDbApp;
		};
/* End PBXContainerItemProxy section */

/* Begin PBXFileReference section */
		003EDC2A2598D06900BB1560 /* PersonDetailViewController.swift */ = {isa = PBXFileReference; lastKnownFileType = sourcecode.swift; path = PersonDetailViewController.swift; sourceTree = "<group>"; };
		004A988125975206008F878D /* TMDbApp.app */ = {isa = PBXFileReference; explicitFileType = wrapper.application; includeInIndex = 0; path = TMDbApp.app; sourceTree = BUILT_PRODUCTS_DIR; };
		004A988425975206008F878D /* AppDelegate.swift */ = {isa = PBXFileReference; lastKnownFileType = sourcecode.swift; path = AppDelegate.swift; sourceTree = "<group>"; };
		004A988625975206008F878D /* SceneDelegate.swift */ = {isa = PBXFileReference; lastKnownFileType = sourcecode.swift; path = SceneDelegate.swift; sourceTree = "<group>"; };
		004A988825975206008F878D /* MovieListViewController.swift */ = {isa = PBXFileReference; lastKnownFileType = sourcecode.swift; path = MovieListViewController.swift; sourceTree = "<group>"; };
		004A988D25975210008F878D /* Assets.xcassets */ = {isa = PBXFileReference; lastKnownFileType = folder.assetcatalog; path = Assets.xcassets; sourceTree = "<group>"; };
		004A989225975210008F878D /* Info.plist */ = {isa = PBXFileReference; lastKnownFileType = text.plist.xml; path = Info.plist; sourceTree = "<group>"; };
		004A989B259755F2008F878D /* MovieListTableViewCell.swift */ = {isa = PBXFileReference; lastKnownFileType = sourcecode.swift; path = MovieListTableViewCell.swift; sourceTree = "<group>"; };
		004A98D02597DA6D008F878D /* MovieDetailViewController.swift */ = {isa = PBXFileReference; lastKnownFileType = sourcecode.swift; path = MovieDetailViewController.swift; sourceTree = "<group>"; };
		004A98D72597F485008F878D /* MovieDetailCollectionViewCell.swift */ = {isa = PBXFileReference; lastKnownFileType = sourcecode.swift; path = MovieDetailCollectionViewCell.swift; sourceTree = "<group>"; };
		006E55E525B253E600CA9D55 /* MovieDetailTests.swift */ = {isa = PBXFileReference; lastKnownFileType = sourcecode.swift; path = MovieDetailTests.swift; sourceTree = "<group>"; };
		006E55EF25B25CC200CA9D55 /* PersonDetailTests.swift */ = {isa = PBXFileReference; lastKnownFileType = sourcecode.swift; path = PersonDetailTests.swift; sourceTree = "<group>"; };
		009C320225B32BA800C0B76D /* TMDbComponents.framework */ = {isa = PBXFileReference; explicitFileType = wrapper.framework; path = TMDbComponents.framework; sourceTree = BUILT_PRODUCTS_DIR; };
		009C320425B32BB000C0B76D /* TMDbNetworkService.framework */ = {isa = PBXFileReference; explicitFileType = wrapper.framework; path = TMDbNetworkService.framework; sourceTree = BUILT_PRODUCTS_DIR; };
		009C320625B32BB300C0B76D /* TMDbUtilities.framework */ = {isa = PBXFileReference; explicitFileType = wrapper.framework; path = TMDbUtilities.framework; sourceTree = BUILT_PRODUCTS_DIR; };
		009E155125B23E5000515D69 /* TMDbAppTests.xctest */ = {isa = PBXFileReference; explicitFileType = wrapper.cfbundle; includeInIndex = 0; path = TMDbAppTests.xctest; sourceTree = BUILT_PRODUCTS_DIR; };
		009E155325B23E5000515D69 /* TMDbAppTests.swift */ = {isa = PBXFileReference; lastKnownFileType = sourcecode.swift; path = TMDbAppTests.swift; sourceTree = "<group>"; };
		009E155525B23E5000515D69 /* Info.plist */ = {isa = PBXFileReference; lastKnownFileType = text.plist.xml; path = Info.plist; sourceTree = "<group>"; };
		009E155D25B23F6100515D69 /* NetworkServiceTests.swift */ = {isa = PBXFileReference; lastKnownFileType = sourcecode.swift; path = NetworkServiceTests.swift; sourceTree = "<group>"; };
		00A011B125B468E600B316EA /* Base */ = {isa = PBXFileReference; lastKnownFileType = file.storyboard; name = Base; path = Base.lproj/LaunchScreen.storyboard; sourceTree = "<group>"; };
		00AF819825B5E54600C913A7 /* RxSwift.framework */ = {isa = PBXFileReference; explicitFileType = wrapper.framework; path = RxSwift.framework; sourceTree = BUILT_PRODUCTS_DIR; };
		00AF82B025B783C000C913A7 /* NetworkManager.swift */ = {isa = PBXFileReference; fileEncoding = 4; lastKnownFileType = sourcecode.swift; path = NetworkManager.swift; sourceTree = "<group>"; };
		00AF82B325B783CA00C913A7 /* MovieListViewModel.swift */ = {isa = PBXFileReference; fileEncoding = 4; lastKnownFileType = sourcecode.swift; path = MovieListViewModel.swift; sourceTree = "<group>"; };
		00AF82B425B783CA00C913A7 /* MovieDetailViewModel.swift */ = {isa = PBXFileReference; lastKnownFileType = sourcecode.swift; path = MovieDetailViewModel.swift; sourceTree = "<group>"; };
		00AF82B525B783CA00C913A7 /* PersonDetailViewModel.swift */ = {isa = PBXFileReference; lastKnownFileType = sourcecode.swift; path = PersonDetailViewModel.swift; sourceTree = "<group>"; };
		00AF82BE25B783E000C913A7 /* MovieListModel.swift */ = {isa = PBXFileReference; lastKnownFileType = sourcecode.swift; path = MovieListModel.swift; sourceTree = "<group>"; };
		00AF82BF25B783E000C913A7 /* MovieDetailModel.swift */ = {isa = PBXFileReference; lastKnownFileType = sourcecode.swift; path = MovieDetailModel.swift; sourceTree = "<group>"; };
		00AF82C025B783E000C913A7 /* PersonDetailModel.swift */ = {isa = PBXFileReference; lastKnownFileType = sourcecode.swift; path = PersonDetailModel.swift; sourceTree = "<group>"; };
		00CC2C7125B24BCA00D23F71 /* MovieListTests.swift */ = {isa = PBXFileReference; lastKnownFileType = sourcecode.swift; path = MovieListTests.swift; sourceTree = "<group>"; };
		00F33B4A25B784790040F29B /* ViewHelper.swift */ = {isa = PBXFileReference; fileEncoding = 4; lastKnownFileType = sourcecode.swift; path = ViewHelper.swift; sourceTree = "<group>"; };
		00F33B4F25B784880040F29B /* Constants.swift */ = {isa = PBXFileReference; fileEncoding = 4; lastKnownFileType = sourcecode.swift; path = Constants.swift; sourceTree = "<group>"; };
		00F33B5225B784990040F29B /* MockParam.swift */ = {isa = PBXFileReference; fileEncoding = 4; lastKnownFileType = sourcecode.swift; path = MockParam.swift; sourceTree = "<group>"; };
		00F33B5325B784990040F29B /* APIParam.swift */ = {isa = PBXFileReference; fileEncoding = 4; lastKnownFileType = sourcecode.swift; path = APIParam.swift; sourceTree = "<group>"; };
		00F33B7925B7878F0040F29B /* BaseImageViewComponent.swift */ = {isa = PBXFileReference; lastKnownFileType = sourcecode.swift; path = BaseImageViewComponent.swift; sourceTree = "<group>"; };
		00F33B7F25B787AD0040F29B /* BaseLabelComponent.swift */ = {isa = PBXFileReference; lastKnownFileType = sourcecode.swift; path = BaseLabelComponent.swift; sourceTree = "<group>"; };
		00F74D6625B31A5C005FF0BE /* NetworkService.framework */ = {isa = PBXFileReference; lastKnownFileType = wrapper.framework; name = NetworkService.framework; path = "../../../../Library/Developer/Xcode/DerivedData/TMDbApp-ghzgtpqtkuclknggponnebarukwl/Build/Products/Debug-iphonesimulator/NetworkService.framework"; sourceTree = "<group>"; };
		00F74E1025B32820005FF0BE /* Utilities.framework */ = {isa = PBXFileReference; explicitFileType = wrapper.framework; path = Utilities.framework; sourceTree = BUILT_PRODUCTS_DIR; };
		3E5D5892BB0331BBFE295953 /* Pods-TMDbApp.release.xcconfig */ = {isa = PBXFileReference; includeInIndex = 1; lastKnownFileType = text.xcconfig; name = "Pods-TMDbApp.release.xcconfig"; path = "Target Support Files/Pods-TMDbApp/Pods-TMDbApp.release.xcconfig"; sourceTree = "<group>"; };
		5EAC5A574717F98C54807B6E /* Pods_TMDbApp.framework */ = {isa = PBXFileReference; explicitFileType = wrapper.framework; includeInIndex = 0; path = Pods_TMDbApp.framework; sourceTree = BUILT_PRODUCTS_DIR; };
		F0C197292F99BE7CDBB4BF2F /* Pods-TMDbApp.debug.xcconfig */ = {isa = PBXFileReference; includeInIndex = 1; lastKnownFileType = text.xcconfig; name = "Pods-TMDbApp.debug.xcconfig"; path = "Target Support Files/Pods-TMDbApp/Pods-TMDbApp.debug.xcconfig"; sourceTree = "<group>"; };
/* End PBXFileReference section */

/* Begin PBXFrameworksBuildPhase section */
		004A987E25975206008F878D /* Frameworks */ = {
			isa = PBXFrameworksBuildPhase;
			buildActionMask = 2147483647;
			files = (
				2C2B450FB5CC219612A8BF26 /* Pods_TMDbApp.framework in Frameworks */,
			);
			runOnlyForDeploymentPostprocessing = 0;
		};
		009E154E25B23E5000515D69 /* Frameworks */ = {
			isa = PBXFrameworksBuildPhase;
			buildActionMask = 2147483647;
			files = (
			);
			runOnlyForDeploymentPostprocessing = 0;
		};
/* End PBXFrameworksBuildPhase section */

/* Begin PBXGroup section */
		003EDC292598D04000BB1560 /* PersonDetail */ = {
			isa = PBXGroup;
			children = (
				003EDC2A2598D06900BB1560 /* PersonDetailViewController.swift */,
				00AF82B525B783CA00C913A7 /* PersonDetailViewModel.swift */,
				00AF82C025B783E000C913A7 /* PersonDetailModel.swift */,
			);
			path = PersonDetail;
			sourceTree = "<group>";
		};
		004A987825975206008F878D = {
			isa = PBXGroup;
			children = (
				004A988325975206008F878D /* TMDbApp */,
				009E155225B23E5000515D69 /* TMDbAppTests */,
				004A988225975206008F878D /* Products */,
				8661ED8386A8EEAD54AEC463 /* Pods */,
				C51A890D21EDFE85709807CB /* Frameworks */,
			);
			sourceTree = "<group>";
		};
		004A988225975206008F878D /* Products */ = {
			isa = PBXGroup;
			children = (
				004A988125975206008F878D /* TMDbApp.app */,
				009E155125B23E5000515D69 /* TMDbAppTests.xctest */,
			);
			name = Products;
			sourceTree = "<group>";
		};
		004A988325975206008F878D /* TMDbApp */ = {
			isa = PBXGroup;
			children = (
				004A989E259755F5008F878D /* Scenes */,
				00AF82AF25B7839900C913A7 /* Networking */,
				00F33B7825B787750040F29B /* Components */,
				00AF82C425B783F500C913A7 /* Utilities */,
				00F33B5725B784B10040F29B /* Supporting Files */,
				004A988D25975210008F878D /* Assets.xcassets */,
				004A989225975210008F878D /* Info.plist */,
			);
			path = TMDbApp;
			sourceTree = "<group>";
		};
		004A989E259755F5008F878D /* Scenes */ = {
			isa = PBXGroup;
			children = (
				004A989F25975601008F878D /* MovieList */,
				004A98CF2597DA51008F878D /* MovieDetail */,
				003EDC292598D04000BB1560 /* PersonDetail */,
			);
			path = Scenes;
			sourceTree = "<group>";
		};
		004A989F25975601008F878D /* MovieList */ = {
			isa = PBXGroup;
			children = (
				004A988825975206008F878D /* MovieListViewController.swift */,
				00AF82B325B783CA00C913A7 /* MovieListViewModel.swift */,
				00AF82BE25B783E000C913A7 /* MovieListModel.swift */,
				004A989B259755F2008F878D /* MovieListTableViewCell.swift */,
			);
			path = MovieList;
			sourceTree = "<group>";
		};
		004A98CF2597DA51008F878D /* MovieDetail */ = {
			isa = PBXGroup;
			children = (
				004A98D02597DA6D008F878D /* MovieDetailViewController.swift */,
				00AF82B425B783CA00C913A7 /* MovieDetailViewModel.swift */,
				00AF82BF25B783E000C913A7 /* MovieDetailModel.swift */,
				004A98D72597F485008F878D /* MovieDetailCollectionViewCell.swift */,
			);
			path = MovieDetail;
			sourceTree = "<group>";
		};
		006E55F525B262AE00CA9D55 /* NetworkService */ = {
			isa = PBXGroup;
			children = (
				009E155D25B23F6100515D69 /* NetworkServiceTests.swift */,
			);
			path = NetworkService;
			sourceTree = "<group>";
		};
		006E55F625B262B900CA9D55 /* MovieList */ = {
			isa = PBXGroup;
			children = (
				00CC2C7125B24BCA00D23F71 /* MovieListTests.swift */,
			);
			path = MovieList;
			sourceTree = "<group>";
		};
		006E55F725B262C100CA9D55 /* MovieDetail */ = {
			isa = PBXGroup;
			children = (
				006E55E525B253E600CA9D55 /* MovieDetailTests.swift */,
			);
			path = MovieDetail;
			sourceTree = "<group>";
		};
		006E55F825B262C500CA9D55 /* PersonDetail */ = {
			isa = PBXGroup;
			children = (
				006E55EF25B25CC200CA9D55 /* PersonDetailTests.swift */,
			);
			path = PersonDetail;
			sourceTree = "<group>";
		};
		009E155225B23E5000515D69 /* TMDbAppTests */ = {
			isa = PBXGroup;
			children = (
				006E55F525B262AE00CA9D55 /* NetworkService */,
				006E55F625B262B900CA9D55 /* MovieList */,
				006E55F725B262C100CA9D55 /* MovieDetail */,
				006E55F825B262C500CA9D55 /* PersonDetail */,
				009E155325B23E5000515D69 /* TMDbAppTests.swift */,
				009E155525B23E5000515D69 /* Info.plist */,
			);
			path = TMDbAppTests;
			sourceTree = "<group>";
		};
		00AF82AF25B7839900C913A7 /* Networking */ = {
			isa = PBXGroup;
			children = (
				00AF82B025B783C000C913A7 /* NetworkManager.swift */,
			);
			path = Networking;
			sourceTree = "<group>";
		};
		00AF82C425B783F500C913A7 /* Utilities */ = {
			isa = PBXGroup;
			children = (
				00F33B4D25B7847D0040F29B /* Constants */,
				00F33B4825B7844B0040F29B /* Helper */,
				00F33B4925B7844F0040F29B /* Parameters */,
			);
			path = Utilities;
			sourceTree = "<group>";
		};
		00F33B4825B7844B0040F29B /* Helper */ = {
			isa = PBXGroup;
			children = (
				00F33B4A25B784790040F29B /* ViewHelper.swift */,
			);
			path = Helper;
			sourceTree = "<group>";
		};
		00F33B4925B7844F0040F29B /* Parameters */ = {
			isa = PBXGroup;
			children = (
				00F33B5325B784990040F29B /* APIParam.swift */,
				00F33B5225B784990040F29B /* MockParam.swift */,
			);
			path = Parameters;
			sourceTree = "<group>";
		};
		00F33B4D25B7847D0040F29B /* Constants */ = {
			isa = PBXGroup;
			children = (
				00F33B4F25B784880040F29B /* Constants.swift */,
			);
			path = Constants;
			sourceTree = "<group>";
		};
		00F33B5725B784B10040F29B /* Supporting Files */ = {
			isa = PBXGroup;
			children = (
				004A988425975206008F878D /* AppDelegate.swift */,
				004A988625975206008F878D /* SceneDelegate.swift */,
				00A011B025B468E600B316EA /* LaunchScreen.storyboard */,
			);
			path = "Supporting Files";
			sourceTree = "<group>";
		};
		00F33B7825B787750040F29B /* Components */ = {
			isa = PBXGroup;
			children = (
				00F33B7925B7878F0040F29B /* BaseImageViewComponent.swift */,
				00F33B7F25B787AD0040F29B /* BaseLabelComponent.swift */,
			);
			path = Components;
			sourceTree = "<group>";
		};
		8661ED8386A8EEAD54AEC463 /* Pods */ = {
			isa = PBXGroup;
			children = (
				F0C197292F99BE7CDBB4BF2F /* Pods-TMDbApp.debug.xcconfig */,
				3E5D5892BB0331BBFE295953 /* Pods-TMDbApp.release.xcconfig */,
			);
			path = Pods;
			sourceTree = "<group>";
		};
		C51A890D21EDFE85709807CB /* Frameworks */ = {
			isa = PBXGroup;
			children = (
				00AF819825B5E54600C913A7 /* RxSwift.framework */,
				009C320625B32BB300C0B76D /* TMDbUtilities.framework */,
				009C320425B32BB000C0B76D /* TMDbNetworkService.framework */,
				009C320225B32BA800C0B76D /* TMDbComponents.framework */,
				00F74E1025B32820005FF0BE /* Utilities.framework */,
				00F74D6625B31A5C005FF0BE /* NetworkService.framework */,
				5EAC5A574717F98C54807B6E /* Pods_TMDbApp.framework */,
			);
			name = Frameworks;
			sourceTree = "<group>";
		};
/* End PBXGroup section */

/* Begin PBXNativeTarget section */
		004A988025975206008F878D /* TMDbApp */ = {
			isa = PBXNativeTarget;
			buildConfigurationList = 004A989525975211008F878D /* Build configuration list for PBXNativeTarget "TMDbApp" */;
			buildPhases = (
				49E89674B40CFBC3D84A1B9D /* [CP] Check Pods Manifest.lock */,
				004A987D25975206008F878D /* Sources */,
				004A987E25975206008F878D /* Frameworks */,
				004A987F25975206008F878D /* Resources */,
				DFFFBC2B1971048B5D6D5768 /* [CP] Embed Pods Frameworks */,
			);
			buildRules = (
			);
			dependencies = (
			);
			name = TMDbApp;
			productName = TMDbApp;
			productReference = 004A988125975206008F878D /* TMDbApp.app */;
			productType = "com.apple.product-type.application";
		};
		009E155025B23E5000515D69 /* TMDbAppTests */ = {
			isa = PBXNativeTarget;
			buildConfigurationList = 009E155A25B23E5000515D69 /* Build configuration list for PBXNativeTarget "TMDbAppTests" */;
			buildPhases = (
				009E154D25B23E5000515D69 /* Sources */,
				009E154E25B23E5000515D69 /* Frameworks */,
				009E154F25B23E5000515D69 /* Resources */,
			);
			buildRules = (
			);
			dependencies = (
				009E155725B23E5000515D69 /* PBXTargetDependency */,
			);
			name = TMDbAppTests;
			productName = TMDbAppTests;
			productReference = 009E155125B23E5000515D69 /* TMDbAppTests.xctest */;
			productType = "com.apple.product-type.bundle.unit-test";
		};
/* End PBXNativeTarget section */

/* Begin PBXProject section */
		004A987925975206008F878D /* Project object */ = {
			isa = PBXProject;
			attributes = {
				LastSwiftUpdateCheck = 1210;
				LastUpgradeCheck = 1210;
				TargetAttributes = {
					004A988025975206008F878D = {
						CreatedOnToolsVersion = 12.1;
					};
					009E155025B23E5000515D69 = {
						CreatedOnToolsVersion = 12.1;
						TestTargetID = 004A988025975206008F878D;
					};
				};
			};
			buildConfigurationList = 004A987C25975206008F878D /* Build configuration list for PBXProject "TMDbApp" */;
			compatibilityVersion = "Xcode 9.3";
			developmentRegion = en;
			hasScannedForEncodings = 0;
			knownRegions = (
				en,
				Base,
			);
			mainGroup = 004A987825975206008F878D;
			productRefGroup = 004A988225975206008F878D /* Products */;
			projectDirPath = "";
			projectRoot = "";
			targets = (
				004A988025975206008F878D /* TMDbApp */,
				009E155025B23E5000515D69 /* TMDbAppTests */,
			);
		};
/* End PBXProject section */

/* Begin PBXResourcesBuildPhase section */
		004A987F25975206008F878D /* Resources */ = {
			isa = PBXResourcesBuildPhase;
			buildActionMask = 2147483647;
			files = (
				004A988E25975210008F878D /* Assets.xcassets in Resources */,
				00A011B225B468E600B316EA /* LaunchScreen.storyboard in Resources */,
			);
			runOnlyForDeploymentPostprocessing = 0;
		};
		009E154F25B23E5000515D69 /* Resources */ = {
			isa = PBXResourcesBuildPhase;
			buildActionMask = 2147483647;
			files = (
			);
			runOnlyForDeploymentPostprocessing = 0;
		};
/* End PBXResourcesBuildPhase section */

/* Begin PBXShellScriptBuildPhase section */
		49E89674B40CFBC3D84A1B9D /* [CP] Check Pods Manifest.lock */ = {
			isa = PBXShellScriptBuildPhase;
			buildActionMask = 2147483647;
			files = (
			);
			inputFileListPaths = (
			);
			inputPaths = (
				"${PODS_PODFILE_DIR_PATH}/Podfile.lock",
				"${PODS_ROOT}/Manifest.lock",
			);
			name = "[CP] Check Pods Manifest.lock";
			outputFileListPaths = (
			);
			outputPaths = (
				"$(DERIVED_FILE_DIR)/Pods-TMDbApp-checkManifestLockResult.txt",
			);
			runOnlyForDeploymentPostprocessing = 0;
			shellPath = /bin/sh;
			shellScript = "diff \"${PODS_PODFILE_DIR_PATH}/Podfile.lock\" \"${PODS_ROOT}/Manifest.lock\" > /dev/null\nif [ $? != 0 ] ; then\n    # print error to STDERR\n    echo \"error: The sandbox is not in sync with the Podfile.lock. Run 'pod install' or update your CocoaPods installation.\" >&2\n    exit 1\nfi\n# This output is used by Xcode 'outputs' to avoid re-running this script phase.\necho \"SUCCESS\" > \"${SCRIPT_OUTPUT_FILE_0}\"\n";
			showEnvVarsInLog = 0;
		};
		DFFFBC2B1971048B5D6D5768 /* [CP] Embed Pods Frameworks */ = {
			isa = PBXShellScriptBuildPhase;
			buildActionMask = 2147483647;
			files = (
			);
			inputFileListPaths = (
				"${PODS_ROOT}/Target Support Files/Pods-TMDbApp/Pods-TMDbApp-frameworks-${CONFIGURATION}-input-files.xcfilelist",
			);
			name = "[CP] Embed Pods Frameworks";
			outputFileListPaths = (
				"${PODS_ROOT}/Target Support Files/Pods-TMDbApp/Pods-TMDbApp-frameworks-${CONFIGURATION}-output-files.xcfilelist",
			);
			runOnlyForDeploymentPostprocessing = 0;
			shellPath = /bin/sh;
			shellScript = "\"${PODS_ROOT}/Target Support Files/Pods-TMDbApp/Pods-TMDbApp-frameworks.sh\"\n";
			showEnvVarsInLog = 0;
		};
/* End PBXShellScriptBuildPhase section */

/* Begin PBXSourcesBuildPhase section */
		004A987D25975206008F878D /* Sources */ = {
			isa = PBXSourcesBuildPhase;
			buildActionMask = 2147483647;
			files = (
				00F33B7525B787440040F29B /* PersonDetailModel.swift in Sources */,
				00F33B8025B787AD0040F29B /* BaseLabelComponent.swift in Sources */,
				00F33B7225B787420040F29B /* MovieDetailModel.swift in Sources */,
				00F33B6F25B7873F0040F29B /* MovieListModel.swift in Sources */,
				004A988925975206008F878D /* MovieListViewController.swift in Sources */,
				004A98D82597F485008F878D /* MovieDetailCollectionViewCell.swift in Sources */,
				003EDC2B2598D06900BB1560 /* PersonDetailViewController.swift in Sources */,
				00F33B7A25B7878F0040F29B /* BaseImageViewComponent.swift in Sources */,
				004A988525975206008F878D /* AppDelegate.swift in Sources */,
				00F33B5025B784880040F29B /* Constants.swift in Sources */,
				00AF82B125B783C000C913A7 /* NetworkManager.swift in Sources */,
				00AF82BB25B783D400C913A7 /* PersonDetailViewModel.swift in Sources */,
				004A989C259755F2008F878D /* MovieListTableViewCell.swift in Sources */,
				00F33B5525B784990040F29B /* APIParam.swift in Sources */,
				00AF82B925B783D200C913A7 /* MovieDetailViewModel.swift in Sources */,
				00F33B5425B784990040F29B /* MockParam.swift in Sources */,
				004A98D12597DA6D008F878D /* MovieDetailViewController.swift in Sources */,
				004A988725975206008F878D /* SceneDelegate.swift in Sources */,
				00F33B4B25B7847A0040F29B /* ViewHelper.swift in Sources */,
				00AF82B725B783CF00C913A7 /* MovieListViewModel.swift in Sources */,
			);
			runOnlyForDeploymentPostprocessing = 0;
		};
		009E154D25B23E5000515D69 /* Sources */ = {
			isa = PBXSourcesBuildPhase;
			buildActionMask = 2147483647;
			files = (
				006E55E625B253E600CA9D55 /* MovieDetailTests.swift in Sources */,
				006E55F025B25CC200CA9D55 /* PersonDetailTests.swift in Sources */,
				009E155E25B23F6100515D69 /* NetworkServiceTests.swift in Sources */,
				00CC2C7225B24BCA00D23F71 /* MovieListTests.swift in Sources */,
				009E155425B23E5000515D69 /* TMDbAppTests.swift in Sources */,
			);
			runOnlyForDeploymentPostprocessing = 0;
		};
/* End PBXSourcesBuildPhase section */

/* Begin PBXTargetDependency section */
		009E155725B23E5000515D69 /* PBXTargetDependency */ = {
			isa = PBXTargetDependency;
			target = 004A988025975206008F878D /* TMDbApp */;
			targetProxy = 009E155625B23E5000515D69 /* PBXContainerItemProxy */;
		};
/* End PBXTargetDependency section */

/* Begin PBXVariantGroup section */
		00A011B025B468E600B316EA /* LaunchScreen.storyboard */ = {
			isa = PBXVariantGroup;
			children = (
				00A011B125B468E600B316EA /* Base */,
			);
			name = LaunchScreen.storyboard;
			sourceTree = "<group>";
		};
/* End PBXVariantGroup section */

/* Begin XCBuildConfiguration section */
		004A989325975210008F878D /* Debug */ = {
			isa = XCBuildConfiguration;
			buildSettings = {
				ALWAYS_SEARCH_USER_PATHS = NO;
				CLANG_ANALYZER_NONNULL = YES;
				CLANG_ANALYZER_NUMBER_OBJECT_CONVERSION = YES_AGGRESSIVE;
				CLANG_CXX_LANGUAGE_STANDARD = "gnu++14";
				CLANG_CXX_LIBRARY = "libc++";
				CLANG_ENABLE_MODULES = YES;
				CLANG_ENABLE_OBJC_ARC = YES;
				CLANG_ENABLE_OBJC_WEAK = YES;
				CLANG_WARN_BLOCK_CAPTURE_AUTORELEASING = YES;
				CLANG_WARN_BOOL_CONVERSION = YES;
				CLANG_WARN_COMMA = YES;
				CLANG_WARN_CONSTANT_CONVERSION = YES;
				CLANG_WARN_DEPRECATED_OBJC_IMPLEMENTATIONS = YES;
				CLANG_WARN_DIRECT_OBJC_ISA_USAGE = YES_ERROR;
				CLANG_WARN_DOCUMENTATION_COMMENTS = YES;
				CLANG_WARN_EMPTY_BODY = YES;
				CLANG_WARN_ENUM_CONVERSION = YES;
				CLANG_WARN_INFINITE_RECURSION = YES;
				CLANG_WARN_INT_CONVERSION = YES;
				CLANG_WARN_NON_LITERAL_NULL_CONVERSION = YES;
				CLANG_WARN_OBJC_IMPLICIT_RETAIN_SELF = YES;
				CLANG_WARN_OBJC_LITERAL_CONVERSION = YES;
				CLANG_WARN_OBJC_ROOT_CLASS = YES_ERROR;
				CLANG_WARN_QUOTED_INCLUDE_IN_FRAMEWORK_HEADER = YES;
				CLANG_WARN_RANGE_LOOP_ANALYSIS = YES;
				CLANG_WARN_STRICT_PROTOTYPES = YES;
				CLANG_WARN_SUSPICIOUS_MOVE = YES;
				CLANG_WARN_UNGUARDED_AVAILABILITY = YES_AGGRESSIVE;
				CLANG_WARN_UNREACHABLE_CODE = YES;
				CLANG_WARN__DUPLICATE_METHOD_MATCH = YES;
				COPY_PHASE_STRIP = NO;
				DEBUG_INFORMATION_FORMAT = dwarf;
				ENABLE_STRICT_OBJC_MSGSEND = YES;
				ENABLE_TESTABILITY = YES;
				GCC_C_LANGUAGE_STANDARD = gnu11;
				GCC_DYNAMIC_NO_PIC = NO;
				GCC_NO_COMMON_BLOCKS = YES;
				GCC_OPTIMIZATION_LEVEL = 0;
				GCC_PREPROCESSOR_DEFINITIONS = (
					"DEBUG=1",
					"$(inherited)",
				);
				GCC_WARN_64_TO_32_BIT_CONVERSION = YES;
				GCC_WARN_ABOUT_RETURN_TYPE = YES_ERROR;
				GCC_WARN_UNDECLARED_SELECTOR = YES;
				GCC_WARN_UNINITIALIZED_AUTOS = YES_AGGRESSIVE;
				GCC_WARN_UNUSED_FUNCTION = YES;
				GCC_WARN_UNUSED_VARIABLE = YES;
				IPHONEOS_DEPLOYMENT_TARGET = 14.1;
				MTL_ENABLE_DEBUG_INFO = INCLUDE_SOURCE;
				MTL_FAST_MATH = YES;
				ONLY_ACTIVE_ARCH = YES;
				SDKROOT = iphoneos;
				SWIFT_ACTIVE_COMPILATION_CONDITIONS = DEBUG;
				SWIFT_OPTIMIZATION_LEVEL = "-Onone";
			};
			name = Debug;
		};
		004A989425975210008F878D /* Release */ = {
			isa = XCBuildConfiguration;
			buildSettings = {
				ALWAYS_SEARCH_USER_PATHS = NO;
				CLANG_ANALYZER_NONNULL = YES;
				CLANG_ANALYZER_NUMBER_OBJECT_CONVERSION = YES_AGGRESSIVE;
				CLANG_CXX_LANGUAGE_STANDARD = "gnu++14";
				CLANG_CXX_LIBRARY = "libc++";
				CLANG_ENABLE_MODULES = YES;
				CLANG_ENABLE_OBJC_ARC = YES;
				CLANG_ENABLE_OBJC_WEAK = YES;
				CLANG_WARN_BLOCK_CAPTURE_AUTORELEASING = YES;
				CLANG_WARN_BOOL_CONVERSION = YES;
				CLANG_WARN_COMMA = YES;
				CLANG_WARN_CONSTANT_CONVERSION = YES;
				CLANG_WARN_DEPRECATED_OBJC_IMPLEMENTATIONS = YES;
				CLANG_WARN_DIRECT_OBJC_ISA_USAGE = YES_ERROR;
				CLANG_WARN_DOCUMENTATION_COMMENTS = YES;
				CLANG_WARN_EMPTY_BODY = YES;
				CLANG_WARN_ENUM_CONVERSION = YES;
				CLANG_WARN_INFINITE_RECURSION = YES;
				CLANG_WARN_INT_CONVERSION = YES;
				CLANG_WARN_NON_LITERAL_NULL_CONVERSION = YES;
				CLANG_WARN_OBJC_IMPLICIT_RETAIN_SELF = YES;
				CLANG_WARN_OBJC_LITERAL_CONVERSION = YES;
				CLANG_WARN_OBJC_ROOT_CLASS = YES_ERROR;
				CLANG_WARN_QUOTED_INCLUDE_IN_FRAMEWORK_HEADER = YES;
				CLANG_WARN_RANGE_LOOP_ANALYSIS = YES;
				CLANG_WARN_STRICT_PROTOTYPES = YES;
				CLANG_WARN_SUSPICIOUS_MOVE = YES;
				CLANG_WARN_UNGUARDED_AVAILABILITY = YES_AGGRESSIVE;
				CLANG_WARN_UNREACHABLE_CODE = YES;
				CLANG_WARN__DUPLICATE_METHOD_MATCH = YES;
				COPY_PHASE_STRIP = NO;
				DEBUG_INFORMATION_FORMAT = "dwarf-with-dsym";
				ENABLE_NS_ASSERTIONS = NO;
				ENABLE_STRICT_OBJC_MSGSEND = YES;
				GCC_C_LANGUAGE_STANDARD = gnu11;
				GCC_NO_COMMON_BLOCKS = YES;
				GCC_WARN_64_TO_32_BIT_CONVERSION = YES;
				GCC_WARN_ABOUT_RETURN_TYPE = YES_ERROR;
				GCC_WARN_UNDECLARED_SELECTOR = YES;
				GCC_WARN_UNINITIALIZED_AUTOS = YES_AGGRESSIVE;
				GCC_WARN_UNUSED_FUNCTION = YES;
				GCC_WARN_UNUSED_VARIABLE = YES;
				IPHONEOS_DEPLOYMENT_TARGET = 14.1;
				MTL_ENABLE_DEBUG_INFO = NO;
				MTL_FAST_MATH = YES;
				SDKROOT = iphoneos;
				SWIFT_COMPILATION_MODE = wholemodule;
				SWIFT_OPTIMIZATION_LEVEL = "-O";
				VALIDATE_PRODUCT = YES;
			};
			name = Release;
		};
		004A989625975211008F878D /* Debug */ = {
			isa = XCBuildConfiguration;
			baseConfigurationReference = F0C197292F99BE7CDBB4BF2F /* Pods-TMDbApp.debug.xcconfig */;
			buildSettings = {
				ASSETCATALOG_COMPILER_APPICON_NAME = AppIcon;
				ASSETCATALOG_COMPILER_GLOBAL_ACCENT_COLOR_NAME = AccentColor;
				CODE_SIGN_STYLE = Automatic;
				DEVELOPMENT_TEAM = 265G3QMY9J;
				FRAMEWORK_SEARCH_PATHS = (
					"$(inherited)",
					"$(PROJECT_DIR)",
				);
				INFOPLIST_FILE = TMDbApp/Info.plist;
				IPHONEOS_DEPLOYMENT_TARGET = 10.0;
				LD_RUNPATH_SEARCH_PATHS = (
					"$(inherited)",
					"@executable_path/Frameworks",
				);
				PRODUCT_BUNDLE_IDENTIFIER = cemkazim.TMDbApp;
				PRODUCT_NAME = "$(TARGET_NAME)";
				SWIFT_VERSION = 5.0;
				TARGETED_DEVICE_FAMILY = "1,2";
			};
			name = Debug;
		};
		004A989725975211008F878D /* Release */ = {
			isa = XCBuildConfiguration;
			baseConfigurationReference = 3E5D5892BB0331BBFE295953 /* Pods-TMDbApp.release.xcconfig */;
			buildSettings = {
				ASSETCATALOG_COMPILER_APPICON_NAME = AppIcon;
				ASSETCATALOG_COMPILER_GLOBAL_ACCENT_COLOR_NAME = AccentColor;
				CODE_SIGN_STYLE = Automatic;
				DEVELOPMENT_TEAM = 265G3QMY9J;
				FRAMEWORK_SEARCH_PATHS = (
					"$(inherited)",
					"$(PROJECT_DIR)",
				);
				INFOPLIST_FILE = TMDbApp/Info.plist;
				IPHONEOS_DEPLOYMENT_TARGET = 10.0;
				LD_RUNPATH_SEARCH_PATHS = (
					"$(inherited)",
					"@executable_path/Frameworks",
				);
				PRODUCT_BUNDLE_IDENTIFIER = cemkazim.TMDbApp;
				PRODUCT_NAME = "$(TARGET_NAME)";
				SWIFT_VERSION = 5.0;
				TARGETED_DEVICE_FAMILY = "1,2";
			};
			name = Release;
		};
		009E155825B23E5000515D69 /* Debug */ = {
			isa = XCBuildConfiguration;
			buildSettings = {
				BUNDLE_LOADER = "$(TEST_HOST)";
				CODE_SIGN_STYLE = Automatic;
				INFOPLIST_FILE = TMDbAppTests/Info.plist;
				LD_RUNPATH_SEARCH_PATHS = (
					"$(inherited)",
					"@executable_path/Frameworks",
					"@loader_path/Frameworks",
				);
				PRODUCT_BUNDLE_IDENTIFIER = crab.TMDbAppTests;
				PRODUCT_NAME = "$(TARGET_NAME)";
				SWIFT_VERSION = 5.0;
				TARGETED_DEVICE_FAMILY = "1,2";
				TEST_HOST = "$(BUILT_PRODUCTS_DIR)/TMDbApp.app/TMDbApp";
			};
			name = Debug;
		};
		009E155925B23E5000515D69 /* Release */ = {
			isa = XCBuildConfiguration;
			buildSettings = {
				BUNDLE_LOADER = "$(TEST_HOST)";
				CODE_SIGN_STYLE = Automatic;
				INFOPLIST_FILE = TMDbAppTests/Info.plist;
				LD_RUNPATH_SEARCH_PATHS = (
					"$(inherited)",
					"@executable_path/Frameworks",
					"@loader_path/Frameworks",
				);
				PRODUCT_BUNDLE_IDENTIFIER = crab.TMDbAppTests;
				PRODUCT_NAME = "$(TARGET_NAME)";
				SWIFT_VERSION = 5.0;
				TARGETED_DEVICE_FAMILY = "1,2";
				TEST_HOST = "$(BUILT_PRODUCTS_DIR)/TMDbApp.app/TMDbApp";
			};
			name = Release;
		};
/* End XCBuildConfiguration section */

/* Begin XCConfigurationList section */
		004A987C25975206008F878D /* Build configuration list for PBXProject "TMDbApp" */ = {
			isa = XCConfigurationList;
			buildConfigurations = (
				004A989325975210008F878D /* Debug */,
				004A989425975210008F878D /* Release */,
			);
			defaultConfigurationIsVisible = 0;
			defaultConfigurationName = Release;
		};
		004A989525975211008F878D /* Build configuration list for PBXNativeTarget "TMDbApp" */ = {
			isa = XCConfigurationList;
			buildConfigurations = (
				004A989625975211008F878D /* Debug */,
				004A989725975211008F878D /* Release */,
			);
			defaultConfigurationIsVisible = 0;
			defaultConfigurationName = Release;
		};
		009E155A25B23E5000515D69 /* Build configuration list for PBXNativeTarget "TMDbAppTests" */ = {
			isa = XCConfigurationList;
			buildConfigurations = (
				009E155825B23E5000515D69 /* Debug */,
				009E155925B23E5000515D69 /* Release */,
			);
			defaultConfigurationIsVisible = 0;
			defaultConfigurationName = Release;
		};
/* End XCConfigurationList section */
	};
	rootObject = 004A987925975206008F878D /* Project object */;
}
